// !$*UTF8*$!
{
	archiveVersion = 1;
	classes = {
	};
	objectVersion = 50;
	objects = {

/* Begin PBXBuildFile section */
		4F06C41922B15FBC00ECCE51 /* .gitignore in Resources */ = {isa = PBXBuildFile; fileRef = 4F06C41822B15FBC00ECCE51 /* .gitignore */; };
		4FA05B7522BCFD4900708718 /* InfoViewController.swift in Sources */ = {isa = PBXBuildFile; fileRef = 4FA05B7422BCFD4900708718 /* InfoViewController.swift */; };
		4FA05B7922BCFE3900708718 /* SellerViewController.swift in Sources */ = {isa = PBXBuildFile; fileRef = 4FA05B7822BCFE3900708718 /* SellerViewController.swift */; };
		4FA05B8122BD01C100708718 /* BuyViewController.swift in Sources */ = {isa = PBXBuildFile; fileRef = 4FA05B8022BD01C100708718 /* BuyViewController.swift */; };
		4FA05B8322BD06E100708718 /* SellersListViewController.swift in Sources */ = {isa = PBXBuildFile; fileRef = 4FA05B8222BD06E100708718 /* SellersListViewController.swift */; };
		4FA05B8522BD197E00708718 /* AddNewSellerViewController.swift in Sources */ = {isa = PBXBuildFile; fileRef = 4FA05B8422BD197E00708718 /* AddNewSellerViewController.swift */; };
		4FA05B8722BD270100708718 /* GoogleService-Info.plist in Resources */ = {isa = PBXBuildFile; fileRef = 4FA05B8622BD270100708718 /* GoogleService-Info.plist */; };
		4FA05B8922BD356500708718 /* Seller.swift in Sources */ = {isa = PBXBuildFile; fileRef = 4FA05B8822BD356500708718 /* Seller.swift */; };
		4FA05B8E22BD43E300708718 /* SellerListTableViewCell.swift in Sources */ = {isa = PBXBuildFile; fileRef = 4FA05B8D22BD43E300708718 /* SellerListTableViewCell.swift */; };
		4FA05B9022BD72F300708718 /* SellerService.swift in Sources */ = {isa = PBXBuildFile; fileRef = 4FA05B8F22BD72F300708718 /* SellerService.swift */; };
		4FA05B9222BD83F700708718 /* SellerCode.swift in Sources */ = {isa = PBXBuildFile; fileRef = 4FA05B9122BD83F700708718 /* SellerCode.swift */; };
		4FA05B9422BD880200708718 /* UIViewController+Extension.swift in Sources */ = {isa = PBXBuildFile; fileRef = 4FA05B9322BD880200708718 /* UIViewController+Extension.swift */; };
		4FA05B9622C2400E00708718 /* AddArticleViewController.swift in Sources */ = {isa = PBXBuildFile; fileRef = 4FA05B9522C2400E00708718 /* AddArticleViewController.swift */; };
		4FA05B9822C24AC300708718 /* Article.swift in Sources */ = {isa = PBXBuildFile; fileRef = 4FA05B9722C24AC200708718 /* Article.swift */; };
		4FA05B9A22C25AE300708718 /* ArticleService.swift in Sources */ = {isa = PBXBuildFile; fileRef = 4FA05B9922C25AE300708718 /* ArticleService.swift */; };
		4FA05B9C22C26DE400708718 /* ArticleListTableViewController.swift in Sources */ = {isa = PBXBuildFile; fileRef = 4FA05B9B22C26DE400708718 /* ArticleListTableViewController.swift */; };
		4FA05B9E22C270BB00708718 /* ArticleListTableViewCell.swift in Sources */ = {isa = PBXBuildFile; fileRef = 4FA05B9D22C270BB00708718 /* ArticleListTableViewCell.swift */; };
		4FA05BA022C3484A00708718 /* ArticleViewController.swift in Sources */ = {isa = PBXBuildFile; fileRef = 4FA05B9F22C3484A00708718 /* ArticleViewController.swift */; };
		4FC5133B22B13440000FD572 /* AppDelegate.swift in Sources */ = {isa = PBXBuildFile; fileRef = 4FC5133A22B13440000FD572 /* AppDelegate.swift */; };
		4FC5134022B13440000FD572 /* Main.storyboard in Resources */ = {isa = PBXBuildFile; fileRef = 4FC5133E22B13440000FD572 /* Main.storyboard */; };
		4FC5134522B13440000FD572 /* Assets.xcassets in Resources */ = {isa = PBXBuildFile; fileRef = 4FC5134422B13440000FD572 /* Assets.xcassets */; };
		4FC5134822B13440000FD572 /* LaunchScreen.storyboard in Resources */ = {isa = PBXBuildFile; fileRef = 4FC5134622B13440000FD572 /* LaunchScreen.storyboard */; };
		4FC5135322B13440000FD572 /* BoursobookTests.swift in Sources */ = {isa = PBXBuildFile; fileRef = 4FC5135222B13440000FD572 /* BoursobookTests.swift */; };
		4FC5136722B1570C000FD572 /* ServicesKey.swift in Sources */ = {isa = PBXBuildFile; fileRef = 4FC5136622B1570C000FD572 /* ServicesKey.swift */; };
		CC5C5A81B7903845658B7944 /* libPods-Boursobook.a in Frameworks */ = {isa = PBXBuildFile; fileRef = 4E666CBF9F3663A1A33268F9 /* libPods-Boursobook.a */; };
/* End PBXBuildFile section */

/* Begin PBXContainerItemProxy section */
		4FC5134F22B13440000FD572 /* PBXContainerItemProxy */ = {
			isa = PBXContainerItemProxy;
			containerPortal = 4FC5132F22B13440000FD572 /* Project object */;
			proxyType = 1;
			remoteGlobalIDString = 4FC5133622B13440000FD572;
			remoteInfo = Boursobook;
		};
/* End PBXContainerItemProxy section */

/* Begin PBXFileReference section */
		4E666CBF9F3663A1A33268F9 /* libPods-Boursobook.a */ = {isa = PBXFileReference; explicitFileType = archive.ar; includeInIndex = 0; path = "libPods-Boursobook.a"; sourceTree = BUILT_PRODUCTS_DIR; };
		4F06C41822B15FBC00ECCE51 /* .gitignore */ = {isa = PBXFileReference; lastKnownFileType = text; path = .gitignore; sourceTree = "<group>"; };
		4FA05B7322BCE94F00708718 /* fr */ = {isa = PBXFileReference; lastKnownFileType = text.plist.strings; name = fr; path = fr.lproj/Main.strings; sourceTree = "<group>"; };
		4FA05B7422BCFD4900708718 /* InfoViewController.swift */ = {isa = PBXFileReference; lastKnownFileType = sourcecode.swift; path = InfoViewController.swift; sourceTree = "<group>"; };
		4FA05B7822BCFE3900708718 /* SellerViewController.swift */ = {isa = PBXFileReference; lastKnownFileType = sourcecode.swift; path = SellerViewController.swift; sourceTree = "<group>"; };
		4FA05B8022BD01C100708718 /* BuyViewController.swift */ = {isa = PBXFileReference; lastKnownFileType = sourcecode.swift; path = BuyViewController.swift; sourceTree = "<group>"; };
		4FA05B8222BD06E100708718 /* SellersListViewController.swift */ = {isa = PBXFileReference; lastKnownFileType = sourcecode.swift; path = SellersListViewController.swift; sourceTree = "<group>"; };
		4FA05B8422BD197E00708718 /* AddNewSellerViewController.swift */ = {isa = PBXFileReference; lastKnownFileType = sourcecode.swift; path = AddNewSellerViewController.swift; sourceTree = "<group>"; };
		4FA05B8622BD270100708718 /* GoogleService-Info.plist */ = {isa = PBXFileReference; fileEncoding = 4; lastKnownFileType = text.plist.xml; path = "GoogleService-Info.plist"; sourceTree = "<group>"; };
		4FA05B8822BD356500708718 /* Seller.swift */ = {isa = PBXFileReference; lastKnownFileType = sourcecode.swift; path = Seller.swift; sourceTree = "<group>"; };
		4FA05B8D22BD43E300708718 /* SellerListTableViewCell.swift */ = {isa = PBXFileReference; lastKnownFileType = sourcecode.swift; path = SellerListTableViewCell.swift; sourceTree = "<group>"; };
		4FA05B8F22BD72F300708718 /* SellerService.swift */ = {isa = PBXFileReference; lastKnownFileType = sourcecode.swift; path = SellerService.swift; sourceTree = "<group>"; };
		4FA05B9122BD83F700708718 /* SellerCode.swift */ = {isa = PBXFileReference; lastKnownFileType = sourcecode.swift; path = SellerCode.swift; sourceTree = "<group>"; };
		4FA05B9322BD880200708718 /* UIViewController+Extension.swift */ = {isa = PBXFileReference; lastKnownFileType = sourcecode.swift; path = "UIViewController+Extension.swift"; sourceTree = "<group>"; };
		4FA05B9522C2400E00708718 /* AddArticleViewController.swift */ = {isa = PBXFileReference; lastKnownFileType = sourcecode.swift; path = AddArticleViewController.swift; sourceTree = "<group>"; };
		4FA05B9722C24AC200708718 /* Article.swift */ = {isa = PBXFileReference; lastKnownFileType = sourcecode.swift; path = Article.swift; sourceTree = "<group>"; };
		4FA05B9922C25AE300708718 /* ArticleService.swift */ = {isa = PBXFileReference; lastKnownFileType = sourcecode.swift; path = ArticleService.swift; sourceTree = "<group>"; };
		4FA05B9B22C26DE400708718 /* ArticleListTableViewController.swift */ = {isa = PBXFileReference; lastKnownFileType = sourcecode.swift; path = ArticleListTableViewController.swift; sourceTree = "<group>"; };
		4FA05B9D22C270BB00708718 /* ArticleListTableViewCell.swift */ = {isa = PBXFileReference; lastKnownFileType = sourcecode.swift; path = ArticleListTableViewCell.swift; sourceTree = "<group>"; };
		4FA05B9F22C3484A00708718 /* ArticleViewController.swift */ = {isa = PBXFileReference; lastKnownFileType = sourcecode.swift; path = ArticleViewController.swift; sourceTree = "<group>"; };
		4FC5133722B13440000FD572 /* Boursobook.app */ = {isa = PBXFileReference; explicitFileType = wrapper.application; includeInIndex = 0; path = Boursobook.app; sourceTree = BUILT_PRODUCTS_DIR; };
		4FC5133A22B13440000FD572 /* AppDelegate.swift */ = {isa = PBXFileReference; lastKnownFileType = sourcecode.swift; path = AppDelegate.swift; sourceTree = "<group>"; };
		4FC5133F22B13440000FD572 /* Base */ = {isa = PBXFileReference; lastKnownFileType = file.storyboard; name = Base; path = Base.lproj/Main.storyboard; sourceTree = "<group>"; };
		4FC5134422B13440000FD572 /* Assets.xcassets */ = {isa = PBXFileReference; lastKnownFileType = folder.assetcatalog; path = Assets.xcassets; sourceTree = "<group>"; };
		4FC5134722B13440000FD572 /* Base */ = {isa = PBXFileReference; lastKnownFileType = file.storyboard; name = Base; path = Base.lproj/LaunchScreen.storyboard; sourceTree = "<group>"; };
		4FC5134922B13440000FD572 /* Info.plist */ = {isa = PBXFileReference; lastKnownFileType = text.plist.xml; path = Info.plist; sourceTree = "<group>"; };
		4FC5134E22B13440000FD572 /* BoursobookTests.xctest */ = {isa = PBXFileReference; explicitFileType = wrapper.cfbundle; includeInIndex = 0; path = BoursobookTests.xctest; sourceTree = BUILT_PRODUCTS_DIR; };
		4FC5135222B13440000FD572 /* BoursobookTests.swift */ = {isa = PBXFileReference; lastKnownFileType = sourcecode.swift; path = BoursobookTests.swift; sourceTree = "<group>"; };
		4FC5135422B13440000FD572 /* Info.plist */ = {isa = PBXFileReference; lastKnownFileType = text.plist.xml; path = Info.plist; sourceTree = "<group>"; };
		4FC5135F22B155CF000FD572 /* fr */ = {isa = PBXFileReference; lastKnownFileType = text.plist.strings; name = fr; path = fr.lproj/LaunchScreen.strings; sourceTree = "<group>"; };
		4FC5136622B1570C000FD572 /* ServicesKey.swift */ = {isa = PBXFileReference; lastKnownFileType = sourcecode.swift; path = ServicesKey.swift; sourceTree = "<group>"; };
		813F4306188365DBAB3021C8 /* Pods-Boursobook.debug.xcconfig */ = {isa = PBXFileReference; includeInIndex = 1; lastKnownFileType = text.xcconfig; name = "Pods-Boursobook.debug.xcconfig"; path = "Target Support Files/Pods-Boursobook/Pods-Boursobook.debug.xcconfig"; sourceTree = "<group>"; };
		8D022CBC4A8285CA0CF03575 /* Pods-Boursobook.release.xcconfig */ = {isa = PBXFileReference; includeInIndex = 1; lastKnownFileType = text.xcconfig; name = "Pods-Boursobook.release.xcconfig"; path = "Target Support Files/Pods-Boursobook/Pods-Boursobook.release.xcconfig"; sourceTree = "<group>"; };
/* End PBXFileReference section */

/* Begin PBXFrameworksBuildPhase section */
		4FC5133422B13440000FD572 /* Frameworks */ = {
			isa = PBXFrameworksBuildPhase;
			buildActionMask = 2147483647;
			files = (
				CC5C5A81B7903845658B7944 /* libPods-Boursobook.a in Frameworks */,
			);
			runOnlyForDeploymentPostprocessing = 0;
		};
		4FC5134B22B13440000FD572 /* Frameworks */ = {
			isa = PBXFrameworksBuildPhase;
			buildActionMask = 2147483647;
			files = (
			);
			runOnlyForDeploymentPostprocessing = 0;
		};
/* End PBXFrameworksBuildPhase section */

/* Begin PBXGroup section */
		30AD75877C3943C28257FDCC /* Frameworks */ = {
			isa = PBXGroup;
			children = (
				4E666CBF9F3663A1A33268F9 /* libPods-Boursobook.a */,
			);
			name = Frameworks;
			sourceTree = "<group>";
		};
		4FA05B8A22BD3FA100708718 /* Seller */ = {
			isa = PBXGroup;
			children = (
				4FA05B8222BD06E100708718 /* SellersListViewController.swift */,
				4FA05B7822BCFE3900708718 /* SellerViewController.swift */,
				4FA05B8422BD197E00708718 /* AddNewSellerViewController.swift */,
				4FA05B9522C2400E00708718 /* AddArticleViewController.swift */,
				4FA05B9B22C26DE400708718 /* ArticleListTableViewController.swift */,
				4FA05B9F22C3484A00708718 /* ArticleViewController.swift */,
			);
			path = Seller;
			sourceTree = "<group>";
		};
		4FA05B8B22BD3FC700708718 /* Buy */ = {
			isa = PBXGroup;
			children = (
				4FA05B8022BD01C100708718 /* BuyViewController.swift */,
			);
			path = Buy;
			sourceTree = "<group>";
		};
		4FA05B8C22BD3FE200708718 /* Info */ = {
			isa = PBXGroup;
			children = (
				4FA05B7422BCFD4900708718 /* InfoViewController.swift */,
			);
			path = Info;
			sourceTree = "<group>";
		};
		4FC5132E22B13440000FD572 = {
			isa = PBXGroup;
			children = (
				4FC5133922B13440000FD572 /* Boursobook */,
				4FC5135122B13440000FD572 /* BoursobookTests */,
				4FC5133822B13440000FD572 /* Products */,
				52F8EC04C1FA26C604F0A847 /* Pods */,
				30AD75877C3943C28257FDCC /* Frameworks */,
			);
			sourceTree = "<group>";
		};
		4FC5133822B13440000FD572 /* Products */ = {
			isa = PBXGroup;
			children = (
				4FC5133722B13440000FD572 /* Boursobook.app */,
				4FC5134E22B13440000FD572 /* BoursobookTests.xctest */,
			);
			name = Products;
			sourceTree = "<group>";
		};
		4FC5133922B13440000FD572 /* Boursobook */ = {
			isa = PBXGroup;
			children = (
				4FC5136022B155E9000FD572 /* Model */,
				4FC5136122B155F5000FD572 /* View */,
				4FC5136222B15600000FD572 /* Controller */,
				4FC5134422B13440000FD572 /* Assets.xcassets */,
				4FC5136322B15617000FD572 /* Supporting Files */,
			);
			path = Boursobook;
			sourceTree = "<group>";
		};
		4FC5135122B13440000FD572 /* BoursobookTests */ = {
			isa = PBXGroup;
			children = (
				4FC5135222B13440000FD572 /* BoursobookTests.swift */,
				4FC5135422B13440000FD572 /* Info.plist */,
			);
			path = BoursobookTests;
			sourceTree = "<group>";
		};
		4FC5136022B155E9000FD572 /* Model */ = {
			isa = PBXGroup;
			children = (
				4FA05B8822BD356500708718 /* Seller.swift */,
				4FA05B9722C24AC200708718 /* Article.swift */,
				4FA05B9122BD83F700708718 /* SellerCode.swift */,
				4FA05B8F22BD72F300708718 /* SellerService.swift */,
				4FA05B9922C25AE300708718 /* ArticleService.swift */,
			);
			path = Model;
			sourceTree = "<group>";
		};
		4FC5136122B155F5000FD572 /* View */ = {
			isa = PBXGroup;
			children = (
				4FC5133E22B13440000FD572 /* Main.storyboard */,
				4FC5134622B13440000FD572 /* LaunchScreen.storyboard */,
				4FA05B8D22BD43E300708718 /* SellerListTableViewCell.swift */,
				4FA05B9D22C270BB00708718 /* ArticleListTableViewCell.swift */,
			);
			path = View;
			sourceTree = "<group>";
		};
		4FC5136222B15600000FD572 /* Controller */ = {
			isa = PBXGroup;
			children = (
				4FA05B8C22BD3FE200708718 /* Info */,
				4FA05B8B22BD3FC700708718 /* Buy */,
				4FA05B8A22BD3FA100708718 /* Seller */,
				4FA05B9322BD880200708718 /* UIViewController+Extension.swift */,
			);
			path = Controller;
			sourceTree = "<group>";
		};
		4FC5136322B15617000FD572 /* Supporting Files */ = {
			isa = PBXGroup;
			children = (
				4FC5134922B13440000FD572 /* Info.plist */,
				4FC5136622B1570C000FD572 /* ServicesKey.swift */,
				4FC5133A22B13440000FD572 /* AppDelegate.swift */,
				4FA05B8622BD270100708718 /* GoogleService-Info.plist */,
				4F06C41822B15FBC00ECCE51 /* .gitignore */,
			);
			path = "Supporting Files";
			sourceTree = "<group>";
		};
		52F8EC04C1FA26C604F0A847 /* Pods */ = {
			isa = PBXGroup;
			children = (
				813F4306188365DBAB3021C8 /* Pods-Boursobook.debug.xcconfig */,
				8D022CBC4A8285CA0CF03575 /* Pods-Boursobook.release.xcconfig */,
			);
			path = Pods;
			sourceTree = "<group>";
		};
/* End PBXGroup section */

/* Begin PBXNativeTarget section */
		4FC5133622B13440000FD572 /* Boursobook */ = {
			isa = PBXNativeTarget;
			buildConfigurationList = 4FC5135722B13440000FD572 /* Build configuration list for PBXNativeTarget "Boursobook" */;
			buildPhases = (
				348FE0054C0AFF77C94E5E41 /* [CP] Check Pods Manifest.lock */,
				4FC5133322B13440000FD572 /* Sources */,
				4FC5133422B13440000FD572 /* Frameworks */,
				4FC5133522B13440000FD572 /* Resources */,
				4FC5135D22B155A1000FD572 /* ShellScript */,
			);
			buildRules = (
			);
			dependencies = (
			);
			name = Boursobook;
			productName = Boursobook;
			productReference = 4FC5133722B13440000FD572 /* Boursobook.app */;
			productType = "com.apple.product-type.application";
		};
		4FC5134D22B13440000FD572 /* BoursobookTests */ = {
			isa = PBXNativeTarget;
			buildConfigurationList = 4FC5135A22B13440000FD572 /* Build configuration list for PBXNativeTarget "BoursobookTests" */;
			buildPhases = (
				4FC5134A22B13440000FD572 /* Sources */,
				4FC5134B22B13440000FD572 /* Frameworks */,
				4FC5134C22B13440000FD572 /* Resources */,
			);
			buildRules = (
			);
			dependencies = (
				4FC5135022B13440000FD572 /* PBXTargetDependency */,
			);
			name = BoursobookTests;
			productName = BoursobookTests;
			productReference = 4FC5134E22B13440000FD572 /* BoursobookTests.xctest */;
			productType = "com.apple.product-type.bundle.unit-test";
		};
/* End PBXNativeTarget section */

/* Begin PBXProject section */
		4FC5132F22B13440000FD572 /* Project object */ = {
			isa = PBXProject;
			attributes = {
				LastSwiftUpdateCheck = 1020;
				LastUpgradeCheck = 1020;
				ORGANIZATIONNAME = "David Dubez";
				TargetAttributes = {
					4FC5133622B13440000FD572 = {
						CreatedOnToolsVersion = 10.2.1;
					};
					4FC5134D22B13440000FD572 = {
						CreatedOnToolsVersion = 10.2.1;
						TestTargetID = 4FC5133622B13440000FD572;
					};
				};
			};
			buildConfigurationList = 4FC5133222B13440000FD572 /* Build configuration list for PBXProject "Boursobook" */;
			compatibilityVersion = "Xcode 9.3";
			developmentRegion = en;
			hasScannedForEncodings = 0;
			knownRegions = (
				en,
				Base,
				fr,
			);
			mainGroup = 4FC5132E22B13440000FD572;
			productRefGroup = 4FC5133822B13440000FD572 /* Products */;
			projectDirPath = "";
			projectRoot = "";
			targets = (
				4FC5133622B13440000FD572 /* Boursobook */,
				4FC5134D22B13440000FD572 /* BoursobookTests */,
			);
		};
/* End PBXProject section */

/* Begin PBXResourcesBuildPhase section */
		4FC5133522B13440000FD572 /* Resources */ = {
			isa = PBXResourcesBuildPhase;
			buildActionMask = 2147483647;
			files = (
				4F06C41922B15FBC00ECCE51 /* .gitignore in Resources */,
				4FC5134822B13440000FD572 /* LaunchScreen.storyboard in Resources */,
				4FA05B8722BD270100708718 /* GoogleService-Info.plist in Resources */,
				4FC5134522B13440000FD572 /* Assets.xcassets in Resources */,
				4FC5134022B13440000FD572 /* Main.storyboard in Resources */,
			);
			runOnlyForDeploymentPostprocessing = 0;
		};
		4FC5134C22B13440000FD572 /* Resources */ = {
			isa = PBXResourcesBuildPhase;
			buildActionMask = 2147483647;
			files = (
			);
			runOnlyForDeploymentPostprocessing = 0;
		};
/* End PBXResourcesBuildPhase section */

/* Begin PBXShellScriptBuildPhase section */
		348FE0054C0AFF77C94E5E41 /* [CP] Check Pods Manifest.lock */ = {
			isa = PBXShellScriptBuildPhase;
			buildActionMask = 2147483647;
			files = (
			);
			inputFileListPaths = (
			);
			inputPaths = (
				"${PODS_PODFILE_DIR_PATH}/Podfile.lock",
				"${PODS_ROOT}/Manifest.lock",
			);
			name = "[CP] Check Pods Manifest.lock";
			outputFileListPaths = (
			);
			outputPaths = (
				"$(DERIVED_FILE_DIR)/Pods-Boursobook-checkManifestLockResult.txt",
			);
			runOnlyForDeploymentPostprocessing = 0;
			shellPath = /bin/sh;
			shellScript = "diff \"${PODS_PODFILE_DIR_PATH}/Podfile.lock\" \"${PODS_ROOT}/Manifest.lock\" > /dev/null\nif [ $? != 0 ] ; then\n    # print error to STDERR\n    echo \"error: The sandbox is not in sync with the Podfile.lock. Run 'pod install' or update your CocoaPods installation.\" >&2\n    exit 1\nfi\n# This output is used by Xcode 'outputs' to avoid re-running this script phase.\necho \"SUCCESS\" > \"${SCRIPT_OUTPUT_FILE_0}\"\n";
			showEnvVarsInLog = 0;
		};
		4FC5135D22B155A1000FD572 /* ShellScript */ = {
			isa = PBXShellScriptBuildPhase;
			buildActionMask = 2147483647;
			files = (
			);
			inputFileListPaths = (
			);
			inputPaths = (
			);
			outputFileListPaths = (
			);
			outputPaths = (
			);
			runOnlyForDeploymentPostprocessing = 0;
			shellPath = /bin/sh;
			shellScript = "if which swiftlint >/dev/null; then\nswiftlint\nelse\necho \"warning: SwiftLint not installed, download from https://github.com/realm/SwiftLint\"\nfi\n";
		};
/* End PBXShellScriptBuildPhase section */

/* Begin PBXSourcesBuildPhase section */
		4FC5133322B13440000FD572 /* Sources */ = {
			isa = PBXSourcesBuildPhase;
			buildActionMask = 2147483647;
			files = (
				4FA05B9822C24AC300708718 /* Article.swift in Sources */,
				4FC5136722B1570C000FD572 /* ServicesKey.swift in Sources */,
				4FA05B8122BD01C100708718 /* BuyViewController.swift in Sources */,
				4FA05B9022BD72F300708718 /* SellerService.swift in Sources */,
				4FA05B9422BD880200708718 /* UIViewController+Extension.swift in Sources */,
				4FA05B9A22C25AE300708718 /* ArticleService.swift in Sources */,
				4FA05B9C22C26DE400708718 /* ArticleListTableViewController.swift in Sources */,
				4FA05B7922BCFE3900708718 /* SellerViewController.swift in Sources */,
				4FA05B8E22BD43E300708718 /* SellerListTableViewCell.swift in Sources */,
				4FA05B9222BD83F700708718 /* SellerCode.swift in Sources */,
				4FA05B7522BCFD4900708718 /* InfoViewController.swift in Sources */,
				4FA05B9E22C270BB00708718 /* ArticleListTableViewCell.swift in Sources */,
				4FA05B8322BD06E100708718 /* SellersListViewController.swift in Sources */,
				4FA05BA022C3484A00708718 /* ArticleViewController.swift in Sources */,
				4FA05B8922BD356500708718 /* Seller.swift in Sources */,
				4FA05B9622C2400E00708718 /* AddArticleViewController.swift in Sources */,
				4FA05B8522BD197E00708718 /* AddNewSellerViewController.swift in Sources */,
				4FC5133B22B13440000FD572 /* AppDelegate.swift in Sources */,
			);
			runOnlyForDeploymentPostprocessing = 0;
		};
		4FC5134A22B13440000FD572 /* Sources */ = {
			isa = PBXSourcesBuildPhase;
			buildActionMask = 2147483647;
			files = (
				4FC5135322B13440000FD572 /* BoursobookTests.swift in Sources */,
			);
			runOnlyForDeploymentPostprocessing = 0;
		};
/* End PBXSourcesBuildPhase section */

/* Begin PBXTargetDependency section */
		4FC5135022B13440000FD572 /* PBXTargetDependency */ = {
			isa = PBXTargetDependency;
			target = 4FC5133622B13440000FD572 /* Boursobook */;
			targetProxy = 4FC5134F22B13440000FD572 /* PBXContainerItemProxy */;
		};
/* End PBXTargetDependency section */

/* Begin PBXVariantGroup section */
		4FC5133E22B13440000FD572 /* Main.storyboard */ = {
			isa = PBXVariantGroup;
			children = (
				4FC5133F22B13440000FD572 /* Base */,
				4FA05B7322BCE94F00708718 /* fr */,
			);
			name = Main.storyboard;
			sourceTree = "<group>";
		};
		4FC5134622B13440000FD572 /* LaunchScreen.storyboard */ = {
			isa = PBXVariantGroup;
			children = (
				4FC5134722B13440000FD572 /* Base */,
				4FC5135F22B155CF000FD572 /* fr */,
			);
			name = LaunchScreen.storyboard;
			sourceTree = "<group>";
		};
/* End PBXVariantGroup section */

/* Begin XCBuildConfiguration section */
		4FC5135522B13440000FD572 /* Debug */ = {
			isa = XCBuildConfiguration;
			buildSettings = {
				ALWAYS_SEARCH_USER_PATHS = NO;
				CLANG_ANALYZER_LOCALIZABILITY_NONLOCALIZED = YES;
				CLANG_ANALYZER_NONNULL = YES;
				CLANG_ANALYZER_NUMBER_OBJECT_CONVERSION = YES_AGGRESSIVE;
				CLANG_CXX_LANGUAGE_STANDARD = "gnu++14";
				CLANG_CXX_LIBRARY = "libc++";
				CLANG_ENABLE_MODULES = YES;
				CLANG_ENABLE_OBJC_ARC = YES;
				CLANG_ENABLE_OBJC_WEAK = YES;
				CLANG_WARN_BLOCK_CAPTURE_AUTORELEASING = YES;
				CLANG_WARN_BOOL_CONVERSION = YES;
				CLANG_WARN_COMMA = YES;
				CLANG_WARN_CONSTANT_CONVERSION = YES;
				CLANG_WARN_DEPRECATED_OBJC_IMPLEMENTATIONS = YES;
				CLANG_WARN_DIRECT_OBJC_ISA_USAGE = YES_ERROR;
				CLANG_WARN_DOCUMENTATION_COMMENTS = YES;
				CLANG_WARN_EMPTY_BODY = YES;
				CLANG_WARN_ENUM_CONVERSION = YES;
				CLANG_WARN_INFINITE_RECURSION = YES;
				CLANG_WARN_INT_CONVERSION = YES;
				CLANG_WARN_NON_LITERAL_NULL_CONVERSION = YES;
				CLANG_WARN_OBJC_IMPLICIT_RETAIN_SELF = YES;
				CLANG_WARN_OBJC_LITERAL_CONVERSION = YES;
				CLANG_WARN_OBJC_ROOT_CLASS = YES_ERROR;
				CLANG_WARN_RANGE_LOOP_ANALYSIS = YES;
				CLANG_WARN_STRICT_PROTOTYPES = YES;
				CLANG_WARN_SUSPICIOUS_MOVE = YES;
				CLANG_WARN_UNGUARDED_AVAILABILITY = YES_AGGRESSIVE;
				CLANG_WARN_UNREACHABLE_CODE = YES;
				CLANG_WARN__DUPLICATE_METHOD_MATCH = YES;
				CODE_SIGN_IDENTITY = "iPhone Developer";
				COPY_PHASE_STRIP = NO;
				DEBUG_INFORMATION_FORMAT = dwarf;
				ENABLE_STRICT_OBJC_MSGSEND = YES;
				ENABLE_TESTABILITY = YES;
				GCC_C_LANGUAGE_STANDARD = gnu11;
				GCC_DYNAMIC_NO_PIC = NO;
				GCC_NO_COMMON_BLOCKS = YES;
				GCC_OPTIMIZATION_LEVEL = 0;
				GCC_PREPROCESSOR_DEFINITIONS = (
					"DEBUG=1",
					"$(inherited)",
				);
				GCC_WARN_64_TO_32_BIT_CONVERSION = YES;
				GCC_WARN_ABOUT_RETURN_TYPE = YES_ERROR;
				GCC_WARN_UNDECLARED_SELECTOR = YES;
				GCC_WARN_UNINITIALIZED_AUTOS = YES_AGGRESSIVE;
				GCC_WARN_UNUSED_FUNCTION = YES;
				GCC_WARN_UNUSED_VARIABLE = YES;
				IPHONEOS_DEPLOYMENT_TARGET = 12.2;
				MTL_ENABLE_DEBUG_INFO = INCLUDE_SOURCE;
				MTL_FAST_MATH = YES;
				ONLY_ACTIVE_ARCH = YES;
				SDKROOT = iphoneos;
				SWIFT_ACTIVE_COMPILATION_CONDITIONS = DEBUG;
				SWIFT_OPTIMIZATION_LEVEL = "-Onone";
			};
			name = Debug;
		};
		4FC5135622B13440000FD572 /* Release */ = {
			isa = XCBuildConfiguration;
			buildSettings = {
				ALWAYS_SEARCH_USER_PATHS = NO;
				CLANG_ANALYZER_LOCALIZABILITY_NONLOCALIZED = YES;
				CLANG_ANALYZER_NONNULL = YES;
				CLANG_ANALYZER_NUMBER_OBJECT_CONVERSION = YES_AGGRESSIVE;
				CLANG_CXX_LANGUAGE_STANDARD = "gnu++14";
				CLANG_CXX_LIBRARY = "libc++";
				CLANG_ENABLE_MODULES = YES;
				CLANG_ENABLE_OBJC_ARC = YES;
				CLANG_ENABLE_OBJC_WEAK = YES;
				CLANG_WARN_BLOCK_CAPTURE_AUTORELEASING = YES;
				CLANG_WARN_BOOL_CONVERSION = YES;
				CLANG_WARN_COMMA = YES;
				CLANG_WARN_CONSTANT_CONVERSION = YES;
				CLANG_WARN_DEPRECATED_OBJC_IMPLEMENTATIONS = YES;
				CLANG_WARN_DIRECT_OBJC_ISA_USAGE = YES_ERROR;
				CLANG_WARN_DOCUMENTATION_COMMENTS = YES;
				CLANG_WARN_EMPTY_BODY = YES;
				CLANG_WARN_ENUM_CONVERSION = YES;
				CLANG_WARN_INFINITE_RECURSION = YES;
				CLANG_WARN_INT_CONVERSION = YES;
				CLANG_WARN_NON_LITERAL_NULL_CONVERSION = YES;
				CLANG_WARN_OBJC_IMPLICIT_RETAIN_SELF = YES;
				CLANG_WARN_OBJC_LITERAL_CONVERSION = YES;
				CLANG_WARN_OBJC_ROOT_CLASS = YES_ERROR;
				CLANG_WARN_RANGE_LOOP_ANALYSIS = YES;
				CLANG_WARN_STRICT_PROTOTYPES = YES;
				CLANG_WARN_SUSPICIOUS_MOVE = YES;
				CLANG_WARN_UNGUARDED_AVAILABILITY = YES_AGGRESSIVE;
				CLANG_WARN_UNREACHABLE_CODE = YES;
				CLANG_WARN__DUPLICATE_METHOD_MATCH = YES;
				CODE_SIGN_IDENTITY = "iPhone Developer";
				COPY_PHASE_STRIP = NO;
				DEBUG_INFORMATION_FORMAT = "dwarf-with-dsym";
				ENABLE_NS_ASSERTIONS = NO;
				ENABLE_STRICT_OBJC_MSGSEND = YES;
				GCC_C_LANGUAGE_STANDARD = gnu11;
				GCC_NO_COMMON_BLOCKS = YES;
				GCC_WARN_64_TO_32_BIT_CONVERSION = YES;
				GCC_WARN_ABOUT_RETURN_TYPE = YES_ERROR;
				GCC_WARN_UNDECLARED_SELECTOR = YES;
				GCC_WARN_UNINITIALIZED_AUTOS = YES_AGGRESSIVE;
				GCC_WARN_UNUSED_FUNCTION = YES;
				GCC_WARN_UNUSED_VARIABLE = YES;
				IPHONEOS_DEPLOYMENT_TARGET = 12.2;
				MTL_ENABLE_DEBUG_INFO = NO;
				MTL_FAST_MATH = YES;
				SDKROOT = iphoneos;
				SWIFT_COMPILATION_MODE = wholemodule;
				SWIFT_OPTIMIZATION_LEVEL = "-O";
				VALIDATE_PRODUCT = YES;
			};
			name = Release;
		};
		4FC5135822B13440000FD572 /* Debug */ = {
			isa = XCBuildConfiguration;
			baseConfigurationReference = 813F4306188365DBAB3021C8 /* Pods-Boursobook.debug.xcconfig */;
			buildSettings = {
				ASSETCATALOG_COMPILER_APPICON_NAME = AppIcon;
				CODE_SIGN_STYLE = Automatic;
				DEVELOPMENT_TEAM = A5M6QHPHN6;
				INFOPLIST_FILE = "$(SRCROOT)/Boursobook/Supporting Files/Info.plist";
				LD_RUNPATH_SEARCH_PATHS = (
					"$(inherited)",
					"@executable_path/Frameworks",
				);
				PRODUCT_BUNDLE_IDENTIFIER = fr.daviddubez.Boursobook;
				PRODUCT_NAME = "$(TARGET_NAME)";
				SWIFT_VERSION = 5.0;
				TARGETED_DEVICE_FAMILY = 1;
			};
			name = Debug;
		};
		4FC5135922B13440000FD572 /* Release */ = {
			isa = XCBuildConfiguration;
			baseConfigurationReference = 8D022CBC4A8285CA0CF03575 /* Pods-Boursobook.release.xcconfig */;
			buildSettings = {
				ASSETCATALOG_COMPILER_APPICON_NAME = AppIcon;
				CODE_SIGN_STYLE = Automatic;
				DEVELOPMENT_TEAM = A5M6QHPHN6;
				INFOPLIST_FILE = "$(SRCROOT)/Boursobook/Supporting Files/Info.plist";
				LD_RUNPATH_SEARCH_PATHS = (
					"$(inherited)",
					"@executable_path/Frameworks",
				);
				PRODUCT_BUNDLE_IDENTIFIER = fr.daviddubez.Boursobook;
				PRODUCT_NAME = "$(TARGET_NAME)";
				SWIFT_VERSION = 5.0;
				TARGETED_DEVICE_FAMILY = 1;
			};
			name = Release;
		};
		4FC5135B22B13440000FD572 /* Debug */ = {
			isa = XCBuildConfiguration;
			buildSettings = {
				ALWAYS_EMBED_SWIFT_STANDARD_LIBRARIES = YES;
				BUNDLE_LOADER = "$(TEST_HOST)";
				CODE_SIGN_STYLE = Automatic;
				DEVELOPMENT_TEAM = A5M6QHPHN6;
				INFOPLIST_FILE = BoursobookTests/Info.plist;
				LD_RUNPATH_SEARCH_PATHS = (
					"$(inherited)",
					"@executable_path/Frameworks",
					"@loader_path/Frameworks",
				);
				PRODUCT_BUNDLE_IDENTIFIER = fr.daviddubez.BoursobookTests;
				PRODUCT_NAME = "$(TARGET_NAME)";
				SWIFT_VERSION = 5.0;
				TARGETED_DEVICE_FAMILY = "1,2";
				TEST_HOST = "$(BUILT_PRODUCTS_DIR)/Boursobook.app/Boursobook";
			};
			name = Debug;
		};
		4FC5135C22B13440000FD572 /* Release */ = {
			isa = XCBuildConfiguration;
			buildSettings = {
				ALWAYS_EMBED_SWIFT_STANDARD_LIBRARIES = YES;
				BUNDLE_LOADER = "$(TEST_HOST)";
				CODE_SIGN_STYLE = Automatic;
				DEVELOPMENT_TEAM = A5M6QHPHN6;
				INFOPLIST_FILE = BoursobookTests/Info.plist;
				LD_RUNPATH_SEARCH_PATHS = (
					"$(inherited)",
					"@executable_path/Frameworks",
					"@loader_path/Frameworks",
				);
				PRODUCT_BUNDLE_IDENTIFIER = fr.daviddubez.BoursobookTests;
				PRODUCT_NAME = "$(TARGET_NAME)";
				SWIFT_VERSION = 5.0;
				TARGETED_DEVICE_FAMILY = "1,2";
				TEST_HOST = "$(BUILT_PRODUCTS_DIR)/Boursobook.app/Boursobook";
			};
			name = Release;
		};
/* End XCBuildConfiguration section */

/* Begin XCConfigurationList section */
		4FC5133222B13440000FD572 /* Build configuration list for PBXProject "Boursobook" */ = {
			isa = XCConfigurationList;
			buildConfigurations = (
				4FC5135522B13440000FD572 /* Debug */,
				4FC5135622B13440000FD572 /* Release */,
			);
			defaultConfigurationIsVisible = 0;
			defaultConfigurationName = Release;
		};
		4FC5135722B13440000FD572 /* Build configuration list for PBXNativeTarget "Boursobook" */ = {
			isa = XCConfigurationList;
			buildConfigurations = (
				4FC5135822B13440000FD572 /* Debug */,
				4FC5135922B13440000FD572 /* Release */,
			);
			defaultConfigurationIsVisible = 0;
			defaultConfigurationName = Release;
		};
		4FC5135A22B13440000FD572 /* Build configuration list for PBXNativeTarget "BoursobookTests" */ = {
			isa = XCConfigurationList;
			buildConfigurations = (
				4FC5135B22B13440000FD572 /* Debug */,
				4FC5135C22B13440000FD572 /* Release */,
			);
			defaultConfigurationIsVisible = 0;
			defaultConfigurationName = Release;
		};
/* End XCConfigurationList section */
	};
	rootObject = 4FC5132F22B13440000FD572 /* Project object */;
}
