// !$*UTF8*$!
{
	archiveVersion = 1;
	classes = {
	};
	objectVersion = 51;
	objects = {

/* Begin PBXBuildFile section */
		4F16C728230FE79B00063B95 /* ArticleTestCase.swift in Sources */ = {isa = PBXBuildFile; fileRef = 4F16C727230FE79B00063B95 /* ArticleTestCase.swift */; };
		4F19E83D22F75D17004C545C /* LabelSheetTestCase.swift in Sources */ = {isa = PBXBuildFile; fileRef = 4F19E83C22F75D17004C545C /* LabelSheetTestCase.swift */; };
		4F19E83F22FAF4E9004C545C /* BookServiceTestCase.swift in Sources */ = {isa = PBXBuildFile; fileRef = 4F19E83E22FAF4E9004C545C /* BookServiceTestCase.swift */; };
		4F19E84222FB25FB004C545C /* URLSessionFake.swift in Sources */ = {isa = PBXBuildFile; fileRef = 4F19E84122FB25FB004C545C /* URLSessionFake.swift */; };
		4F19E84422FB26E6004C545C /* FakeResponseData.swift in Sources */ = {isa = PBXBuildFile; fileRef = 4F19E84322FB26E6004C545C /* FakeResponseData.swift */; };
		4F19E84622FB27EC004C545C /* WrongBook.json in Resources */ = {isa = PBXBuildFile; fileRef = 4F19E84522FB27EC004C545C /* WrongBook.json */; };
		4F19E84822FB281B004C545C /* CorrectBook.json in Resources */ = {isa = PBXBuildFile; fileRef = 4F19E84722FB281B004C545C /* CorrectBook.json */; };
		4F19E8CE2301B4EC004C545C /* NoBook.json in Resources */ = {isa = PBXBuildFile; fileRef = 4F19E8CD2301B4EC004C545C /* NoBook.json */; };
		4F1B5742230D2F7D000C7276 /* RemoteDatabaseRequestMock.swift in Sources */ = {isa = PBXBuildFile; fileRef = 4F1B5741230D2F7D000C7276 /* RemoteDatabaseRequestMock.swift */; };
		4F1FA5392344BC5D00816DD9 /* Info.storyboard in Resources */ = {isa = PBXBuildFile; fileRef = 4F1FA53B2344BC5D00816DD9 /* Info.storyboard */; };
		4F1FA5402344C42B00816DD9 /* Sale.storyboard in Resources */ = {isa = PBXBuildFile; fileRef = 4F1FA5422344C42B00816DD9 /* Sale.storyboard */; };
		4F1FA5472344C45F00816DD9 /* Seller.storyboard in Resources */ = {isa = PBXBuildFile; fileRef = 4F1FA5492344C45F00816DD9 /* Seller.storyboard */; };
		4F1FA5502344C7A900816DD9 /* SaleTestCase.swift in Sources */ = {isa = PBXBuildFile; fileRef = 4F1FA54F2344C7A900816DD9 /* SaleTestCase.swift */; };
		4F25C3FC23390D6D00916CC8 /* Sale.swift in Sources */ = {isa = PBXBuildFile; fileRef = 4F25C3FB23390D6D00916CC8 /* Sale.swift */; };
		4F25C3FF23390DF200916CC8 /* SaleValues.swift in Sources */ = {isa = PBXBuildFile; fileRef = 4F25C3FE23390DF200916CC8 /* SaleValues.swift */; };
		4F25C4012339138800916CC8 /* SaleAPI.swift in Sources */ = {isa = PBXBuildFile; fileRef = 4F25C4002339138800916CC8 /* SaleAPI.swift */; };
		4F3820252302ADE600AB9577 /* PurseTestCase.swift in Sources */ = {isa = PBXBuildFile; fileRef = 4F3820242302ADE600AB9577 /* PurseTestCase.swift */; };
		4F3DEEF4234A949B00ECF9F3 /* SellerAPITestCaseWithMockUD.swift in Sources */ = {isa = PBXBuildFile; fileRef = 4F3DEEF3234A949B00ECF9F3 /* SellerAPITestCaseWithMockUD.swift */; };
		4F3DEEF6234A97CB00ECF9F3 /* SellerCodeTestCase.swift in Sources */ = {isa = PBXBuildFile; fileRef = 4F3DEEF5234A97CB00ECF9F3 /* SellerCodeTestCase.swift */; };
		4F3DEEF8234AA3C800ECF9F3 /* ArticleAPITestCaseWithMockCR.swift in Sources */ = {isa = PBXBuildFile; fileRef = 4F3DEEF7234AA3C800ECF9F3 /* ArticleAPITestCaseWithMockCR.swift */; };
		4F3DEEFA234AA3E100ECF9F3 /* ArticleAPITestCaseRealDB.swift in Sources */ = {isa = PBXBuildFile; fileRef = 4F3DEEF9234AA3E100ECF9F3 /* ArticleAPITestCaseRealDB.swift */; };
		4F3DEEFC234AA5CA00ECF9F3 /* ArticleAPITestCaseWithMockUD.swift in Sources */ = {isa = PBXBuildFile; fileRef = 4F3DEEFB234AA5CA00ECF9F3 /* ArticleAPITestCaseWithMockUD.swift */; };
		4F4A3ABA23477CE500139359 /* SaleAPITestCaseRealDB.swift in Sources */ = {isa = PBXBuildFile; fileRef = 4F4A3AB923477CE500139359 /* SaleAPITestCaseRealDB.swift */; };
		4F6B76F123100CB10028EA97 /* LoginViewController.swift in Sources */ = {isa = PBXBuildFile; fileRef = 4FF1668B22C4C7FC00236165 /* LoginViewController.swift */; };
		4F6B76F223100CB10028EA97 /* Article.swift in Sources */ = {isa = PBXBuildFile; fileRef = 4FA05B9722C24AC200708718 /* Article.swift */; };
		4F6B76F423100CB10028EA97 /* SearchingBookDelegate.swift in Sources */ = {isa = PBXBuildFile; fileRef = 4F19E83A22F5F69C004C545C /* SearchingBookDelegate.swift */; };
		4F6B76F523100CB10028EA97 /* SaleViewController.swift in Sources */ = {isa = PBXBuildFile; fileRef = 4FA05B8022BD01C100708718 /* SaleViewController.swift */; };
		4F6B76F623100CB10028EA97 /* LabelSheet.swift in Sources */ = {isa = PBXBuildFile; fileRef = 4F7AA7E722E2F683001FA860 /* LabelSheet.swift */; };
		4F6B76F723100CB10028EA97 /* ScanQrCodeViewController.swift in Sources */ = {isa = PBXBuildFile; fileRef = 4F8B454B22C9FBA8005FD099 /* ScanQrCodeViewController.swift */; };
		4F6B76F923100CB10028EA97 /* TransactionActicleListTableViewCell.swift in Sources */ = {isa = PBXBuildFile; fileRef = 4F7AA7E422E05418001FA860 /* TransactionActicleListTableViewCell.swift */; };
		4F6B76FA23100CB10028EA97 /* BrowseArticleTableViewCell.swift in Sources */ = {isa = PBXBuildFile; fileRef = 4F7AA7E222DF8E94001FA860 /* BrowseArticleTableViewCell.swift */; };
		4F6B76FB23100CB10028EA97 /* RemoteDatabase.swift in Sources */ = {isa = PBXBuildFile; fileRef = 4FDA36A1230AFA8600D70489 /* RemoteDatabase.swift */; };
		4F6B76FC23100CB10028EA97 /* Purse.swift in Sources */ = {isa = PBXBuildFile; fileRef = 4F6C1C3822CE2437004C9BF3 /* Purse.swift */; };
		4F6B76FD23100CB10028EA97 /* SetupViewController.swift in Sources */ = {isa = PBXBuildFile; fileRef = 4F8B454D22C9FBE1005FD099 /* SetupViewController.swift */; };
		4F6B76FE23100CB10028EA97 /* Error+extension.swift in Sources */ = {isa = PBXBuildFile; fileRef = 4F9E864D22C6431700C9BE1E /* Error+extension.swift */; };
		4F6B76FF23100CB10028EA97 /* ScanBookViewController.swift in Sources */ = {isa = PBXBuildFile; fileRef = 4F7AA7EB22EDDBAC001FA860 /* ScanBookViewController.swift */; };
		4F6B770023100CB10028EA97 /* RemoteDatabaseRequest.swift in Sources */ = {isa = PBXBuildFile; fileRef = 4FC5C93C2305BF8800BDD28E /* RemoteDatabaseRequest.swift */; };
		4F6B770123100CB10028EA97 /* Notes.swift in Sources */ = {isa = PBXBuildFile; fileRef = 4F3820272302EAB000AB9577 /* Notes.swift */; };
		4F6B770223100CB10028EA97 /* UIViewController+Extension.swift in Sources */ = {isa = PBXBuildFile; fileRef = 4FA05B9322BD880200708718 /* UIViewController+Extension.swift */; };
		4F6B770423100CB10028EA97 /* BrowseArticleListTableViewController.swift in Sources */ = {isa = PBXBuildFile; fileRef = 4F1E66D022DF1B7D00C73B88 /* BrowseArticleListTableViewController.swift */; };
		4F6B770523100CB10028EA97 /* ArticleListTableViewController.swift in Sources */ = {isa = PBXBuildFile; fileRef = 4FA05B9B22C26DE400708718 /* ArticleListTableViewController.swift */; };
		4F6B770723100CB10028EA97 /* SellerViewController.swift in Sources */ = {isa = PBXBuildFile; fileRef = 4FA05B7822BCFE3900708718 /* SellerViewController.swift */; };
		4F6B770823100CB10028EA97 /* SellerListTableViewCell.swift in Sources */ = {isa = PBXBuildFile; fileRef = 4FA05B8D22BD43E300708718 /* SellerListTableViewCell.swift */; };
		4F6B770923100CB10028EA97 /* RemoteDataBaseModel.swift in Sources */ = {isa = PBXBuildFile; fileRef = 4FDA369C230A963A00D70489 /* RemoteDataBaseModel.swift */; };
		4F6B770A23100CB10028EA97 /* SellerCode.swift in Sources */ = {isa = PBXBuildFile; fileRef = 4FA05B9122BD83F700708718 /* SellerCode.swift */; };
		4F6B770C23100CB10028EA97 /* InMemoryStorage.swift in Sources */ = {isa = PBXBuildFile; fileRef = 4F6C1C3F22D4F2FC004C9BF3 /* InMemoryStorage.swift */; };
		4F6B770E23100CB10028EA97 /* Book.swift in Sources */ = {isa = PBXBuildFile; fileRef = 4F7AA7EE22EDE162001FA860 /* Book.swift */; };
		4F6B770F23100CB10028EA97 /* InfoViewController.swift in Sources */ = {isa = PBXBuildFile; fileRef = 4FA05B7422BCFD4900708718 /* InfoViewController.swift */; };
		4F6B771023100CB10028EA97 /* ArticleListTableViewCell.swift in Sources */ = {isa = PBXBuildFile; fileRef = 4FA05B9D22C270BB00708718 /* ArticleListTableViewCell.swift */; };
		4F6B771123100CB10028EA97 /* SellersListViewController.swift in Sources */ = {isa = PBXBuildFile; fileRef = 4FA05B8222BD06E100708718 /* SellersListViewController.swift */; };
		4F6B771223100CB10028EA97 /* ArticleViewController.swift in Sources */ = {isa = PBXBuildFile; fileRef = 4FA05B9F22C3484A00708718 /* ArticleViewController.swift */; };
		4F6B771323100CB10028EA97 /* Seller.swift in Sources */ = {isa = PBXBuildFile; fileRef = 4FA05B8822BD356500708718 /* Seller.swift */; };
		4F6B771523100CB10028EA97 /* AddArticleViewController.swift in Sources */ = {isa = PBXBuildFile; fileRef = 4FA05B9522C2400E00708718 /* AddArticleViewController.swift */; };
		4F6B771723100CB10028EA97 /* FireBaseDataRequest.swift in Sources */ = {isa = PBXBuildFile; fileRef = 4F1B573D230D2ED8000C7276 /* FireBaseDataRequest.swift */; };
		4F6B771823100CB10028EA97 /* BookService.swift in Sources */ = {isa = PBXBuildFile; fileRef = 4F7AA7F022EF44E7001FA860 /* BookService.swift */; };
		4F6B771923100CB10028EA97 /* AddNewSellerViewController.swift in Sources */ = {isa = PBXBuildFile; fileRef = 4FA05B8422BD197E00708718 /* AddNewSellerViewController.swift */; };
		4F6B771A23100CB10028EA97 /* AppDelegate.swift in Sources */ = {isa = PBXBuildFile; fileRef = 4FC5133A22B13440000FD572 /* AppDelegate.swift */; };
		4F6B771B23100CB10028EA97 /* SheetSetupViewController.swift in Sources */ = {isa = PBXBuildFile; fileRef = 4F19E85122FD80B7004C545C /* SheetSetupViewController.swift */; };
		4F6B771C23100CB10028EA97 /* User.swift in Sources */ = {isa = PBXBuildFile; fileRef = 4F9E864622C636B100C9BE1E /* User.swift */; };
		4F6B772023100CB10028EA97 /* GoogleService-Info-production.plist in Resources */ = {isa = PBXBuildFile; fileRef = 4FC5C934230599C600BDD28E /* GoogleService-Info-production.plist */; };
		4F6B772123100CB10028EA97 /* .gitignore in Resources */ = {isa = PBXBuildFile; fileRef = 4FF1668722C3D9E800236165 /* .gitignore */; };
		4F6B772223100CB10028EA97 /* LaunchScreen.storyboard in Resources */ = {isa = PBXBuildFile; fileRef = 4FC5134622B13440000FD572 /* LaunchScreen.storyboard */; };
		4F6B772323100CB10028EA97 /* Localizable.strings in Resources */ = {isa = PBXBuildFile; fileRef = 4F9E864122C6239A00C9BE1E /* Localizable.strings */; };
		4F6B772423100CB10028EA97 /* Assets.xcassets in Resources */ = {isa = PBXBuildFile; fileRef = 4FC5134422B13440000FD572 /* Assets.xcassets */; };
		4F6B772523100CB10028EA97 /* GoogleService-Info-development.plist in Resources */ = {isa = PBXBuildFile; fileRef = 4FC5C93523059B6B00BDD28E /* GoogleService-Info-development.plist */; };
		4F6B772623100CB10028EA97 /* Main.storyboard in Resources */ = {isa = PBXBuildFile; fileRef = 4FC5133E22B13440000FD572 /* Main.storyboard */; };
		4F815E85231A969B00C6718A /* SelectPurseViewController.swift in Sources */ = {isa = PBXBuildFile; fileRef = 4F815E84231A969B00C6718A /* SelectPurseViewController.swift */; };
		4F815E87231A97E100C6718A /* PurseAPI.swift in Sources */ = {isa = PBXBuildFile; fileRef = 4F815E86231A97E100C6718A /* PurseAPI.swift */; };
		4F815E89231AB41800C6718A /* PurseListTableViewCell.swift in Sources */ = {isa = PBXBuildFile; fileRef = 4F815E88231AB41800C6718A /* PurseListTableViewCell.swift */; };
		4F815E8E231E4F3800C6718A /* SellerTestCase.swift in Sources */ = {isa = PBXBuildFile; fileRef = 4F815E8D231E4F3800C6718A /* SellerTestCase.swift */; };
		4F815E90231E50DD00C6718A /* FakeDataDictionary.swift in Sources */ = {isa = PBXBuildFile; fileRef = 4F815E8F231E50DD00C6718A /* FakeDataDictionary.swift */; };
		4F815E92231E714800C6718A /* PurseAPITestCaseWithMockCR.swift in Sources */ = {isa = PBXBuildFile; fileRef = 4F815E91231E714800C6718A /* PurseAPITestCaseWithMockCR.swift */; };
		4F815E94231EC10000C6718A /* PrivateKey.swift in Sources */ = {isa = PBXBuildFile; fileRef = 4F815E93231EC10000C6718A /* PrivateKey.swift */; };
		4F815E962320FEF400C6718A /* SellerAPI.swift in Sources */ = {isa = PBXBuildFile; fileRef = 4F815E952320FEF400C6718A /* SellerAPI.swift */; };
		4F815E982321024B00C6718A /* SellerAPITestCaseWithMockCR.swift in Sources */ = {isa = PBXBuildFile; fileRef = 4F815E972321024B00C6718A /* SellerAPITestCaseWithMockCR.swift */; };
		4F815E9A23210C8400C6718A /* ArticleAPI.swift in Sources */ = {isa = PBXBuildFile; fileRef = 4F815E9923210C8400C6718A /* ArticleAPI.swift */; };
		4F815E9C23210D4E00C6718A /* ArticleAPITestCaseWithMockR.swift in Sources */ = {isa = PBXBuildFile; fileRef = 4F815E9B23210D4E00C6718A /* ArticleAPITestCaseWithMockR.swift */; };
		4F815E9E23215A4D00C6718A /* RemoteAuthenticationRequest.swift in Sources */ = {isa = PBXBuildFile; fileRef = 4F815E9D23215A4D00C6718A /* RemoteAuthenticationRequest.swift */; };
		4F815EA023215B8300C6718A /* FireBaseAuthenticationRequest.swift in Sources */ = {isa = PBXBuildFile; fileRef = 4F815E9F23215B8300C6718A /* FireBaseAuthenticationRequest.swift */; };
		4F815EA523215F3000C6718A /* RemoteAuthenticationModel.swift in Sources */ = {isa = PBXBuildFile; fileRef = 4F815EA423215F3000C6718A /* RemoteAuthenticationModel.swift */; };
		4F815EA72322418E00C6718A /* UserAuthAPI.swift in Sources */ = {isa = PBXBuildFile; fileRef = 4F815EA62322418E00C6718A /* UserAuthAPI.swift */; };
		4F815EA92322475800C6718A /* RemoteAuthentication.swift in Sources */ = {isa = PBXBuildFile; fileRef = 4F815EA82322475800C6718A /* RemoteAuthentication.swift */; };
		4F815EAE2322576C00C6718A /* UserTestCase.swift in Sources */ = {isa = PBXBuildFile; fileRef = 4F815EAD2322576C00C6718A /* UserTestCase.swift */; };
		4F815EB02322591500C6718A /* UserAuthAPITestCaseWithMock.swift in Sources */ = {isa = PBXBuildFile; fileRef = 4F815EAF2322591500C6718A /* UserAuthAPITestCaseWithMock.swift */; };
		4F815EB2232259F800C6718A /* RemoteAuthenticationRequestMock.swift in Sources */ = {isa = PBXBuildFile; fileRef = 4F815EB1232259F800C6718A /* RemoteAuthenticationRequestMock.swift */; };
		4F89FB0C2349F602002A650C /* PurseAPITestCaseRealDB.swift in Sources */ = {isa = PBXBuildFile; fileRef = 4F89FB0B2349F602002A650C /* PurseAPITestCaseRealDB.swift */; };
		4F89FB0E2349FE7C002A650C /* PurseAPITestCaseWithMockUD.swift in Sources */ = {isa = PBXBuildFile; fileRef = 4F89FB0D2349FE7C002A650C /* PurseAPITestCaseWithMockUD.swift */; };
		4F89FB10234A81A9002A650C /* UserAPITestCaseWithMock.swift in Sources */ = {isa = PBXBuildFile; fileRef = 4F89FB0F234A81A9002A650C /* UserAPITestCaseWithMock.swift */; };
		4F89FB12234A8837002A650C /* SellerAPITestCaseRealDB.swift in Sources */ = {isa = PBXBuildFile; fileRef = 4F89FB11234A8837002A650C /* SellerAPITestCaseRealDB.swift */; };
		4FAF92972341F4E400B903FF /* FireBaseDataRequest+extensionUD.swift in Sources */ = {isa = PBXBuildFile; fileRef = 4FAF92962341F4E400B903FF /* FireBaseDataRequest+extensionUD.swift */; };
		4FCF6AF723269A1100C71C11 /* UserAPI.swift in Sources */ = {isa = PBXBuildFile; fileRef = 4FCF6AF623269A1100C71C11 /* UserAPI.swift */; };
		4FCF6AF92326A01700C71C11 /* UserListTableViewController.swift in Sources */ = {isa = PBXBuildFile; fileRef = 4FCF6AF82326A01700C71C11 /* UserListTableViewController.swift */; };
		4FCF6AFB2326A0E100C71C11 /* UserListTableViewCell.swift in Sources */ = {isa = PBXBuildFile; fileRef = 4FCF6AFA2326A0E100C71C11 /* UserListTableViewCell.swift */; };
		4FD11C5B231472C200FB9F94 /* FakeData.swift in Sources */ = {isa = PBXBuildFile; fileRef = 4FD11C5A231472C200FB9F94 /* FakeData.swift */; };
		4FDD6062234621FD00612606 /* SaleAPITestCaseWithMock.swift in Sources */ = {isa = PBXBuildFile; fileRef = 4FDD6061234621FD00612606 /* SaleAPITestCaseWithMock.swift */; };
		6D2060DCCDA6BE60A4FB81F7 /* Pods_BoursobookTests.framework in Frameworks */ = {isa = PBXBuildFile; fileRef = 4E58F1A874EC2F2F19F82C9B /* Pods_BoursobookTests.framework */; };
		76E351846A766040C9A316A2 /* Pods_Boursobook.framework in Frameworks */ = {isa = PBXBuildFile; fileRef = C6993493FF9B7BE86F97CA52 /* Pods_Boursobook.framework */; };
/* End PBXBuildFile section */

/* Begin PBXContainerItemProxy section */
		4F6B772E2310137F0028EA97 /* PBXContainerItemProxy */ = {
			isa = PBXContainerItemProxy;
			containerPortal = 4FC5132F22B13440000FD572 /* Project object */;
			proxyType = 1;
			remoteGlobalIDString = 4F6B76EE23100CB10028EA97;
			remoteInfo = Boursobook;
		};
/* End PBXContainerItemProxy section */

/* Begin PBXFileReference section */
		0ABF2AE86A70D7B951223E35 /* Pods-BoursobookProduction-BoursobookDevelopment-BoursobookDevelopmentFrench.debug.xcconfig */ = {isa = PBXFileReference; includeInIndex = 1; lastKnownFileType = text.xcconfig; name = "Pods-BoursobookProduction-BoursobookDevelopment-BoursobookDevelopmentFrench.debug.xcconfig"; path = "Target Support Files/Pods-BoursobookProduction-BoursobookDevelopment-BoursobookDevelopmentFrench/Pods-BoursobookProduction-BoursobookDevelopment-BoursobookDevelopmentFrench.debug.xcconfig"; sourceTree = "<group>"; };
		1104027D79BE5C839A2ACB5E /* Pods-Boursobook.debug.xcconfig */ = {isa = PBXFileReference; includeInIndex = 1; lastKnownFileType = text.xcconfig; name = "Pods-Boursobook.debug.xcconfig"; path = "Target Support Files/Pods-Boursobook/Pods-Boursobook.debug.xcconfig"; sourceTree = "<group>"; };
		172B6770E3BD2DD917D1F010 /* Pods-BoursobookProduction-BoursobookDevelopment.debug.xcconfig */ = {isa = PBXFileReference; includeInIndex = 1; lastKnownFileType = text.xcconfig; name = "Pods-BoursobookProduction-BoursobookDevelopment.debug.xcconfig"; path = "Target Support Files/Pods-BoursobookProduction-BoursobookDevelopment/Pods-BoursobookProduction-BoursobookDevelopment.debug.xcconfig"; sourceTree = "<group>"; };
		4E58F1A874EC2F2F19F82C9B /* Pods_BoursobookTests.framework */ = {isa = PBXFileReference; explicitFileType = wrapper.framework; includeInIndex = 0; path = Pods_BoursobookTests.framework; sourceTree = BUILT_PRODUCTS_DIR; };
		4F16C727230FE79B00063B95 /* ArticleTestCase.swift */ = {isa = PBXFileReference; lastKnownFileType = sourcecode.swift; path = ArticleTestCase.swift; sourceTree = "<group>"; };
		4F19E83A22F5F69C004C545C /* SearchingBookDelegate.swift */ = {isa = PBXFileReference; lastKnownFileType = sourcecode.swift; path = SearchingBookDelegate.swift; sourceTree = "<group>"; };
		4F19E83C22F75D17004C545C /* LabelSheetTestCase.swift */ = {isa = PBXFileReference; lastKnownFileType = sourcecode.swift; path = LabelSheetTestCase.swift; sourceTree = "<group>"; };
		4F19E83E22FAF4E9004C545C /* BookServiceTestCase.swift */ = {isa = PBXFileReference; lastKnownFileType = sourcecode.swift; path = BookServiceTestCase.swift; sourceTree = "<group>"; };
		4F19E84122FB25FB004C545C /* URLSessionFake.swift */ = {isa = PBXFileReference; lastKnownFileType = sourcecode.swift; path = URLSessionFake.swift; sourceTree = "<group>"; };
		4F19E84322FB26E6004C545C /* FakeResponseData.swift */ = {isa = PBXFileReference; lastKnownFileType = sourcecode.swift; path = FakeResponseData.swift; sourceTree = "<group>"; };
		4F19E84522FB27EC004C545C /* WrongBook.json */ = {isa = PBXFileReference; lastKnownFileType = text.json; path = WrongBook.json; sourceTree = "<group>"; };
		4F19E84722FB281B004C545C /* CorrectBook.json */ = {isa = PBXFileReference; lastKnownFileType = text.json; path = CorrectBook.json; sourceTree = "<group>"; };
		4F19E85122FD80B7004C545C /* SheetSetupViewController.swift */ = {isa = PBXFileReference; lastKnownFileType = sourcecode.swift; path = SheetSetupViewController.swift; sourceTree = "<group>"; };
		4F19E8CD2301B4EC004C545C /* NoBook.json */ = {isa = PBXFileReference; lastKnownFileType = text.json; path = NoBook.json; sourceTree = "<group>"; };
		4F1B573D230D2ED8000C7276 /* FireBaseDataRequest.swift */ = {isa = PBXFileReference; lastKnownFileType = sourcecode.swift; path = FireBaseDataRequest.swift; sourceTree = "<group>"; };
		4F1B5741230D2F7D000C7276 /* RemoteDatabaseRequestMock.swift */ = {isa = PBXFileReference; lastKnownFileType = sourcecode.swift; path = RemoteDatabaseRequestMock.swift; sourceTree = "<group>"; };
		4F1E66D022DF1B7D00C73B88 /* BrowseArticleListTableViewController.swift */ = {isa = PBXFileReference; lastKnownFileType = sourcecode.swift; path = BrowseArticleListTableViewController.swift; sourceTree = "<group>"; };
		4F1FA53A2344BC5D00816DD9 /* Base */ = {isa = PBXFileReference; lastKnownFileType = file.storyboard; name = Base; path = Base.lproj/Info.storyboard; sourceTree = "<group>"; };
		4F1FA53D2344BC6E00816DD9 /* fr */ = {isa = PBXFileReference; lastKnownFileType = text.plist.strings; name = fr; path = fr.lproj/Info.strings; sourceTree = "<group>"; };
		4F1FA5412344C42B00816DD9 /* Base */ = {isa = PBXFileReference; lastKnownFileType = file.storyboard; name = Base; path = Base.lproj/Sale.storyboard; sourceTree = "<group>"; };
		4F1FA5442344C42F00816DD9 /* fr */ = {isa = PBXFileReference; lastKnownFileType = text.plist.strings; name = fr; path = fr.lproj/Sale.strings; sourceTree = "<group>"; };
		4F1FA5482344C45F00816DD9 /* Base */ = {isa = PBXFileReference; lastKnownFileType = file.storyboard; name = Base; path = Base.lproj/Seller.storyboard; sourceTree = "<group>"; };
		4F1FA54B2344C46700816DD9 /* fr */ = {isa = PBXFileReference; lastKnownFileType = text.plist.strings; name = fr; path = fr.lproj/Seller.strings; sourceTree = "<group>"; };
		4F1FA54F2344C7A900816DD9 /* SaleTestCase.swift */ = {isa = PBXFileReference; lastKnownFileType = sourcecode.swift; path = SaleTestCase.swift; sourceTree = "<group>"; };
		4F1FA5522344CD7500816DD9 /* fr */ = {isa = PBXFileReference; lastKnownFileType = text.plist.strings; name = fr; path = fr.lproj/Main.strings; sourceTree = "<group>"; };
		4F25C3FB23390D6D00916CC8 /* Sale.swift */ = {isa = PBXFileReference; lastKnownFileType = sourcecode.swift; path = Sale.swift; sourceTree = "<group>"; };
		4F25C3FE23390DF200916CC8 /* SaleValues.swift */ = {isa = PBXFileReference; lastKnownFileType = sourcecode.swift; path = SaleValues.swift; sourceTree = "<group>"; };
		4F25C4002339138800916CC8 /* SaleAPI.swift */ = {isa = PBXFileReference; lastKnownFileType = sourcecode.swift; path = SaleAPI.swift; sourceTree = "<group>"; };
		4F3820242302ADE600AB9577 /* PurseTestCase.swift */ = {isa = PBXFileReference; lastKnownFileType = sourcecode.swift; path = PurseTestCase.swift; sourceTree = "<group>"; };
		4F3820272302EAB000AB9577 /* Notes.swift */ = {isa = PBXFileReference; lastKnownFileType = sourcecode.swift; path = Notes.swift; sourceTree = "<group>"; };
		4F3DEEF3234A949B00ECF9F3 /* SellerAPITestCaseWithMockUD.swift */ = {isa = PBXFileReference; lastKnownFileType = sourcecode.swift; path = SellerAPITestCaseWithMockUD.swift; sourceTree = "<group>"; };
		4F3DEEF5234A97CB00ECF9F3 /* SellerCodeTestCase.swift */ = {isa = PBXFileReference; lastKnownFileType = sourcecode.swift; path = SellerCodeTestCase.swift; sourceTree = "<group>"; };
		4F3DEEF7234AA3C800ECF9F3 /* ArticleAPITestCaseWithMockCR.swift */ = {isa = PBXFileReference; lastKnownFileType = sourcecode.swift; path = ArticleAPITestCaseWithMockCR.swift; sourceTree = "<group>"; };
		4F3DEEF9234AA3E100ECF9F3 /* ArticleAPITestCaseRealDB.swift */ = {isa = PBXFileReference; lastKnownFileType = sourcecode.swift; path = ArticleAPITestCaseRealDB.swift; sourceTree = "<group>"; };
		4F3DEEFB234AA5CA00ECF9F3 /* ArticleAPITestCaseWithMockUD.swift */ = {isa = PBXFileReference; lastKnownFileType = sourcecode.swift; path = ArticleAPITestCaseWithMockUD.swift; sourceTree = "<group>"; };
		4F4A3AB923477CE500139359 /* SaleAPITestCaseRealDB.swift */ = {isa = PBXFileReference; lastKnownFileType = sourcecode.swift; path = SaleAPITestCaseRealDB.swift; sourceTree = "<group>"; };
		4F6B772C23100CB10028EA97 /* Boursobook.app */ = {isa = PBXFileReference; explicitFileType = wrapper.application; includeInIndex = 0; path = Boursobook.app; sourceTree = BUILT_PRODUCTS_DIR; };
		4F6C1C3822CE2437004C9BF3 /* Purse.swift */ = {isa = PBXFileReference; lastKnownFileType = sourcecode.swift; path = Purse.swift; sourceTree = "<group>"; };
		4F6C1C3F22D4F2FC004C9BF3 /* InMemoryStorage.swift */ = {isa = PBXFileReference; lastKnownFileType = sourcecode.swift; path = InMemoryStorage.swift; sourceTree = "<group>"; };
		4F7AA7E222DF8E94001FA860 /* BrowseArticleTableViewCell.swift */ = {isa = PBXFileReference; lastKnownFileType = sourcecode.swift; path = BrowseArticleTableViewCell.swift; sourceTree = "<group>"; };
		4F7AA7E422E05418001FA860 /* TransactionActicleListTableViewCell.swift */ = {isa = PBXFileReference; lastKnownFileType = sourcecode.swift; path = TransactionActicleListTableViewCell.swift; sourceTree = "<group>"; };
		4F7AA7E722E2F683001FA860 /* LabelSheet.swift */ = {isa = PBXFileReference; lastKnownFileType = sourcecode.swift; path = LabelSheet.swift; sourceTree = "<group>"; };
		4F7AA7EB22EDDBAC001FA860 /* ScanBookViewController.swift */ = {isa = PBXFileReference; lastKnownFileType = sourcecode.swift; path = ScanBookViewController.swift; sourceTree = "<group>"; };
		4F7AA7EE22EDE162001FA860 /* Book.swift */ = {isa = PBXFileReference; lastKnownFileType = sourcecode.swift; path = Book.swift; sourceTree = "<group>"; };
		4F7AA7F022EF44E7001FA860 /* BookService.swift */ = {isa = PBXFileReference; lastKnownFileType = sourcecode.swift; path = BookService.swift; sourceTree = "<group>"; };
		4F815E84231A969B00C6718A /* SelectPurseViewController.swift */ = {isa = PBXFileReference; lastKnownFileType = sourcecode.swift; path = SelectPurseViewController.swift; sourceTree = "<group>"; };
		4F815E86231A97E100C6718A /* PurseAPI.swift */ = {isa = PBXFileReference; lastKnownFileType = sourcecode.swift; path = PurseAPI.swift; sourceTree = "<group>"; };
		4F815E88231AB41800C6718A /* PurseListTableViewCell.swift */ = {isa = PBXFileReference; lastKnownFileType = sourcecode.swift; path = PurseListTableViewCell.swift; sourceTree = "<group>"; };
		4F815E8D231E4F3800C6718A /* SellerTestCase.swift */ = {isa = PBXFileReference; lastKnownFileType = sourcecode.swift; path = SellerTestCase.swift; sourceTree = "<group>"; };
		4F815E8F231E50DD00C6718A /* FakeDataDictionary.swift */ = {isa = PBXFileReference; lastKnownFileType = sourcecode.swift; path = FakeDataDictionary.swift; sourceTree = "<group>"; };
		4F815E91231E714800C6718A /* PurseAPITestCaseWithMockCR.swift */ = {isa = PBXFileReference; lastKnownFileType = sourcecode.swift; path = PurseAPITestCaseWithMockCR.swift; sourceTree = "<group>"; };
		4F815E93231EC10000C6718A /* PrivateKey.swift */ = {isa = PBXFileReference; lastKnownFileType = sourcecode.swift; path = PrivateKey.swift; sourceTree = "<group>"; };
		4F815E952320FEF400C6718A /* SellerAPI.swift */ = {isa = PBXFileReference; lastKnownFileType = sourcecode.swift; path = SellerAPI.swift; sourceTree = "<group>"; };
		4F815E972321024B00C6718A /* SellerAPITestCaseWithMockCR.swift */ = {isa = PBXFileReference; lastKnownFileType = sourcecode.swift; path = SellerAPITestCaseWithMockCR.swift; sourceTree = "<group>"; };
		4F815E9923210C8400C6718A /* ArticleAPI.swift */ = {isa = PBXFileReference; lastKnownFileType = sourcecode.swift; path = ArticleAPI.swift; sourceTree = "<group>"; };
		4F815E9B23210D4E00C6718A /* ArticleAPITestCaseWithMockR.swift */ = {isa = PBXFileReference; lastKnownFileType = sourcecode.swift; path = ArticleAPITestCaseWithMockR.swift; sourceTree = "<group>"; };
		4F815E9D23215A4D00C6718A /* RemoteAuthenticationRequest.swift */ = {isa = PBXFileReference; lastKnownFileType = sourcecode.swift; path = RemoteAuthenticationRequest.swift; sourceTree = "<group>"; };
		4F815E9F23215B8300C6718A /* FireBaseAuthenticationRequest.swift */ = {isa = PBXFileReference; lastKnownFileType = sourcecode.swift; path = FireBaseAuthenticationRequest.swift; sourceTree = "<group>"; };
		4F815EA423215F3000C6718A /* RemoteAuthenticationModel.swift */ = {isa = PBXFileReference; lastKnownFileType = sourcecode.swift; path = RemoteAuthenticationModel.swift; sourceTree = "<group>"; };
		4F815EA62322418E00C6718A /* UserAuthAPI.swift */ = {isa = PBXFileReference; lastKnownFileType = sourcecode.swift; path = UserAuthAPI.swift; sourceTree = "<group>"; };
		4F815EA82322475800C6718A /* RemoteAuthentication.swift */ = {isa = PBXFileReference; lastKnownFileType = sourcecode.swift; path = RemoteAuthentication.swift; sourceTree = "<group>"; };
		4F815EAD2322576C00C6718A /* UserTestCase.swift */ = {isa = PBXFileReference; lastKnownFileType = sourcecode.swift; path = UserTestCase.swift; sourceTree = "<group>"; };
		4F815EAF2322591500C6718A /* UserAuthAPITestCaseWithMock.swift */ = {isa = PBXFileReference; lastKnownFileType = sourcecode.swift; path = UserAuthAPITestCaseWithMock.swift; sourceTree = "<group>"; };
		4F815EB1232259F800C6718A /* RemoteAuthenticationRequestMock.swift */ = {isa = PBXFileReference; lastKnownFileType = sourcecode.swift; path = RemoteAuthenticationRequestMock.swift; sourceTree = "<group>"; };
		4F89FB0B2349F602002A650C /* PurseAPITestCaseRealDB.swift */ = {isa = PBXFileReference; lastKnownFileType = sourcecode.swift; path = PurseAPITestCaseRealDB.swift; sourceTree = "<group>"; };
		4F89FB0D2349FE7C002A650C /* PurseAPITestCaseWithMockUD.swift */ = {isa = PBXFileReference; lastKnownFileType = sourcecode.swift; path = PurseAPITestCaseWithMockUD.swift; sourceTree = "<group>"; };
		4F89FB0F234A81A9002A650C /* UserAPITestCaseWithMock.swift */ = {isa = PBXFileReference; lastKnownFileType = sourcecode.swift; path = UserAPITestCaseWithMock.swift; sourceTree = "<group>"; };
		4F89FB11234A8837002A650C /* SellerAPITestCaseRealDB.swift */ = {isa = PBXFileReference; lastKnownFileType = sourcecode.swift; path = SellerAPITestCaseRealDB.swift; sourceTree = "<group>"; };
		4F8B454B22C9FBA8005FD099 /* ScanQrCodeViewController.swift */ = {isa = PBXFileReference; lastKnownFileType = sourcecode.swift; path = ScanQrCodeViewController.swift; sourceTree = "<group>"; };
		4F8B454D22C9FBE1005FD099 /* SetupViewController.swift */ = {isa = PBXFileReference; lastKnownFileType = sourcecode.swift; path = SetupViewController.swift; sourceTree = "<group>"; };
		4F9E863C22C610FD00C9BE1E /* Boursobook.entitlements */ = {isa = PBXFileReference; lastKnownFileType = text.plist.entitlements; path = Boursobook.entitlements; sourceTree = "<group>"; };
		4F9E864022C6239A00C9BE1E /* en */ = {isa = PBXFileReference; lastKnownFileType = text.plist.strings; name = en; path = en.lproj/Localizable.strings; sourceTree = "<group>"; };
		4F9E864222C6239F00C9BE1E /* fr */ = {isa = PBXFileReference; lastKnownFileType = text.plist.strings; name = fr; path = fr.lproj/Localizable.strings; sourceTree = "<group>"; };
		4F9E864622C636B100C9BE1E /* User.swift */ = {isa = PBXFileReference; lastKnownFileType = sourcecode.swift; path = User.swift; sourceTree = "<group>"; };
		4F9E864D22C6431700C9BE1E /* Error+extension.swift */ = {isa = PBXFileReference; lastKnownFileType = sourcecode.swift; path = "Error+extension.swift"; sourceTree = "<group>"; };
		4FA05B7422BCFD4900708718 /* InfoViewController.swift */ = {isa = PBXFileReference; lastKnownFileType = sourcecode.swift; path = InfoViewController.swift; sourceTree = "<group>"; };
		4FA05B7822BCFE3900708718 /* SellerViewController.swift */ = {isa = PBXFileReference; lastKnownFileType = sourcecode.swift; path = SellerViewController.swift; sourceTree = "<group>"; };
		4FA05B8022BD01C100708718 /* SaleViewController.swift */ = {isa = PBXFileReference; lastKnownFileType = sourcecode.swift; path = SaleViewController.swift; sourceTree = "<group>"; };
		4FA05B8222BD06E100708718 /* SellersListViewController.swift */ = {isa = PBXFileReference; lastKnownFileType = sourcecode.swift; path = SellersListViewController.swift; sourceTree = "<group>"; };
		4FA05B8422BD197E00708718 /* AddNewSellerViewController.swift */ = {isa = PBXFileReference; lastKnownFileType = sourcecode.swift; path = AddNewSellerViewController.swift; sourceTree = "<group>"; };
		4FA05B8822BD356500708718 /* Seller.swift */ = {isa = PBXFileReference; lastKnownFileType = sourcecode.swift; path = Seller.swift; sourceTree = "<group>"; };
		4FA05B8D22BD43E300708718 /* SellerListTableViewCell.swift */ = {isa = PBXFileReference; lastKnownFileType = sourcecode.swift; path = SellerListTableViewCell.swift; sourceTree = "<group>"; };
		4FA05B9122BD83F700708718 /* SellerCode.swift */ = {isa = PBXFileReference; lastKnownFileType = sourcecode.swift; path = SellerCode.swift; sourceTree = "<group>"; };
		4FA05B9322BD880200708718 /* UIViewController+Extension.swift */ = {isa = PBXFileReference; lastKnownFileType = sourcecode.swift; path = "UIViewController+Extension.swift"; sourceTree = "<group>"; };
		4FA05B9522C2400E00708718 /* AddArticleViewController.swift */ = {isa = PBXFileReference; lastKnownFileType = sourcecode.swift; path = AddArticleViewController.swift; sourceTree = "<group>"; };
		4FA05B9722C24AC200708718 /* Article.swift */ = {isa = PBXFileReference; lastKnownFileType = sourcecode.swift; path = Article.swift; sourceTree = "<group>"; };
		4FA05B9B22C26DE400708718 /* ArticleListTableViewController.swift */ = {isa = PBXFileReference; lastKnownFileType = sourcecode.swift; path = ArticleListTableViewController.swift; sourceTree = "<group>"; };
		4FA05B9D22C270BB00708718 /* ArticleListTableViewCell.swift */ = {isa = PBXFileReference; lastKnownFileType = sourcecode.swift; path = ArticleListTableViewCell.swift; sourceTree = "<group>"; };
		4FA05B9F22C3484A00708718 /* ArticleViewController.swift */ = {isa = PBXFileReference; lastKnownFileType = sourcecode.swift; path = ArticleViewController.swift; sourceTree = "<group>"; };
		4FAF92962341F4E400B903FF /* FireBaseDataRequest+extensionUD.swift */ = {isa = PBXFileReference; lastKnownFileType = sourcecode.swift; path = "FireBaseDataRequest+extensionUD.swift"; sourceTree = "<group>"; };
		4FC5133A22B13440000FD572 /* AppDelegate.swift */ = {isa = PBXFileReference; lastKnownFileType = sourcecode.swift; path = AppDelegate.swift; sourceTree = "<group>"; };
		4FC5133F22B13440000FD572 /* Base */ = {isa = PBXFileReference; lastKnownFileType = file.storyboard; name = Base; path = Base.lproj/Main.storyboard; sourceTree = "<group>"; };
		4FC5134422B13440000FD572 /* Assets.xcassets */ = {isa = PBXFileReference; lastKnownFileType = folder.assetcatalog; path = Assets.xcassets; sourceTree = "<group>"; };
		4FC5134722B13440000FD572 /* Base */ = {isa = PBXFileReference; lastKnownFileType = file.storyboard; name = Base; path = Base.lproj/LaunchScreen.storyboard; sourceTree = "<group>"; };
		4FC5134922B13440000FD572 /* Info.plist */ = {isa = PBXFileReference; lastKnownFileType = text.plist.xml; path = Info.plist; sourceTree = "<group>"; };
		4FC5134E22B13440000FD572 /* BoursobookTests.xctest */ = {isa = PBXFileReference; explicitFileType = wrapper.cfbundle; includeInIndex = 0; path = BoursobookTests.xctest; sourceTree = BUILT_PRODUCTS_DIR; };
		4FC5135422B13440000FD572 /* Info.plist */ = {isa = PBXFileReference; lastKnownFileType = text.plist.xml; path = Info.plist; sourceTree = "<group>"; };
		4FC5135F22B155CF000FD572 /* fr */ = {isa = PBXFileReference; lastKnownFileType = text.plist.strings; name = fr; path = fr.lproj/LaunchScreen.strings; sourceTree = "<group>"; };
		4FC5C934230599C600BDD28E /* GoogleService-Info-production.plist */ = {isa = PBXFileReference; lastKnownFileType = text.plist.xml; path = "GoogleService-Info-production.plist"; sourceTree = "<group>"; };
		4FC5C93523059B6B00BDD28E /* GoogleService-Info-development.plist */ = {isa = PBXFileReference; lastKnownFileType = text.plist.xml; path = "GoogleService-Info-development.plist"; sourceTree = "<group>"; };
		4FC5C93C2305BF8800BDD28E /* RemoteDatabaseRequest.swift */ = {isa = PBXFileReference; lastKnownFileType = sourcecode.swift; path = RemoteDatabaseRequest.swift; sourceTree = "<group>"; };
		4FCF6AF623269A1100C71C11 /* UserAPI.swift */ = {isa = PBXFileReference; lastKnownFileType = sourcecode.swift; path = UserAPI.swift; sourceTree = "<group>"; };
		4FCF6AF82326A01700C71C11 /* UserListTableViewController.swift */ = {isa = PBXFileReference; lastKnownFileType = sourcecode.swift; path = UserListTableViewController.swift; sourceTree = "<group>"; };
		4FCF6AFA2326A0E100C71C11 /* UserListTableViewCell.swift */ = {isa = PBXFileReference; lastKnownFileType = sourcecode.swift; path = UserListTableViewCell.swift; sourceTree = "<group>"; };
		4FD11C5A231472C200FB9F94 /* FakeData.swift */ = {isa = PBXFileReference; lastKnownFileType = sourcecode.swift; path = FakeData.swift; sourceTree = "<group>"; };
		4FDA369C230A963A00D70489 /* RemoteDataBaseModel.swift */ = {isa = PBXFileReference; lastKnownFileType = sourcecode.swift; path = RemoteDataBaseModel.swift; sourceTree = "<group>"; };
		4FDA36A1230AFA8600D70489 /* RemoteDatabase.swift */ = {isa = PBXFileReference; lastKnownFileType = sourcecode.swift; path = RemoteDatabase.swift; sourceTree = "<group>"; };
		4FDD6061234621FD00612606 /* SaleAPITestCaseWithMock.swift */ = {isa = PBXFileReference; lastKnownFileType = sourcecode.swift; path = SaleAPITestCaseWithMock.swift; sourceTree = "<group>"; };
		4FF1668722C3D9E800236165 /* .gitignore */ = {isa = PBXFileReference; fileEncoding = 4; lastKnownFileType = text; path = .gitignore; sourceTree = SOURCE_ROOT; };
		4FF1668B22C4C7FC00236165 /* LoginViewController.swift */ = {isa = PBXFileReference; lastKnownFileType = sourcecode.swift; path = LoginViewController.swift; sourceTree = "<group>"; };
		5381DE441BEE4C417421E306 /* Pods-Boursobook.release.xcconfig */ = {isa = PBXFileReference; includeInIndex = 1; lastKnownFileType = text.xcconfig; name = "Pods-Boursobook.release.xcconfig"; path = "Target Support Files/Pods-Boursobook/Pods-Boursobook.release.xcconfig"; sourceTree = "<group>"; };
		5A2C0A0CB3056EEFE1422274 /* Pods-BoursobookProduction-BoursobookDevelopment.release.xcconfig */ = {isa = PBXFileReference; includeInIndex = 1; lastKnownFileType = text.xcconfig; name = "Pods-BoursobookProduction-BoursobookDevelopment.release.xcconfig"; path = "Target Support Files/Pods-BoursobookProduction-BoursobookDevelopment/Pods-BoursobookProduction-BoursobookDevelopment.release.xcconfig"; sourceTree = "<group>"; };
		7A340DC5B0242B2E5D2CF05C /* Pods_BoursobookProduction_BoursobookDevelopment.framework */ = {isa = PBXFileReference; explicitFileType = wrapper.framework; includeInIndex = 0; path = Pods_BoursobookProduction_BoursobookDevelopment.framework; sourceTree = BUILT_PRODUCTS_DIR; };
		7C2E5CDCBC54888F269C293E /* Pods-BoursobookTests.debug.xcconfig */ = {isa = PBXFileReference; includeInIndex = 1; lastKnownFileType = text.xcconfig; name = "Pods-BoursobookTests.debug.xcconfig"; path = "Target Support Files/Pods-BoursobookTests/Pods-BoursobookTests.debug.xcconfig"; sourceTree = "<group>"; };
		81F6E13C0E6BA2A8991066C8 /* Pods-BoursobookProduction.debug.xcconfig */ = {isa = PBXFileReference; includeInIndex = 1; lastKnownFileType = text.xcconfig; name = "Pods-BoursobookProduction.debug.xcconfig"; path = "Target Support Files/Pods-BoursobookProduction/Pods-BoursobookProduction.debug.xcconfig"; sourceTree = "<group>"; };
		B2499EF21E2BBB77CFCEFC67 /* Pods-BoursobookProduction-BoursobookDevelopment-BoursobookDevelopmentFrench.release.xcconfig */ = {isa = PBXFileReference; includeInIndex = 1; lastKnownFileType = text.xcconfig; name = "Pods-BoursobookProduction-BoursobookDevelopment-BoursobookDevelopmentFrench.release.xcconfig"; path = "Target Support Files/Pods-BoursobookProduction-BoursobookDevelopment-BoursobookDevelopmentFrench/Pods-BoursobookProduction-BoursobookDevelopment-BoursobookDevelopmentFrench.release.xcconfig"; sourceTree = "<group>"; };
		BE3BA1829B60B2169166A54F /* Pods-BoursobookProduction.release.xcconfig */ = {isa = PBXFileReference; includeInIndex = 1; lastKnownFileType = text.xcconfig; name = "Pods-BoursobookProduction.release.xcconfig"; path = "Target Support Files/Pods-BoursobookProduction/Pods-BoursobookProduction.release.xcconfig"; sourceTree = "<group>"; };
		C6993493FF9B7BE86F97CA52 /* Pods_Boursobook.framework */ = {isa = PBXFileReference; explicitFileType = wrapper.framework; includeInIndex = 0; path = Pods_Boursobook.framework; sourceTree = BUILT_PRODUCTS_DIR; };
		D8D612D99BDB43B0E8C94AA9 /* Pods-BoursobookTests.release.xcconfig */ = {isa = PBXFileReference; includeInIndex = 1; lastKnownFileType = text.xcconfig; name = "Pods-BoursobookTests.release.xcconfig"; path = "Target Support Files/Pods-BoursobookTests/Pods-BoursobookTests.release.xcconfig"; sourceTree = "<group>"; };
		F07B17DCE019A68FAC4EE86A /* Pods_BoursobookProduction_BoursobookDevelopment_BoursobookDevelopmentFrench.framework */ = {isa = PBXFileReference; explicitFileType = wrapper.framework; includeInIndex = 0; path = Pods_BoursobookProduction_BoursobookDevelopment_BoursobookDevelopmentFrench.framework; sourceTree = BUILT_PRODUCTS_DIR; };
/* End PBXFileReference section */

/* Begin PBXFrameworksBuildPhase section */
		4F6B771D23100CB10028EA97 /* Frameworks */ = {
			isa = PBXFrameworksBuildPhase;
			buildActionMask = 2147483647;
			files = (
				76E351846A766040C9A316A2 /* Pods_Boursobook.framework in Frameworks */,
			);
			runOnlyForDeploymentPostprocessing = 0;
		};
		4FC5134B22B13440000FD572 /* Frameworks */ = {
			isa = PBXFrameworksBuildPhase;
			buildActionMask = 2147483647;
			files = (
				6D2060DCCDA6BE60A4FB81F7 /* Pods_BoursobookTests.framework in Frameworks */,
			);
			runOnlyForDeploymentPostprocessing = 0;
		};
/* End PBXFrameworksBuildPhase section */

/* Begin PBXGroup section */
		30AD75877C3943C28257FDCC /* Frameworks */ = {
			isa = PBXGroup;
			children = (
				7A340DC5B0242B2E5D2CF05C /* Pods_BoursobookProduction_BoursobookDevelopment.framework */,
				F07B17DCE019A68FAC4EE86A /* Pods_BoursobookProduction_BoursobookDevelopment_BoursobookDevelopmentFrench.framework */,
				C6993493FF9B7BE86F97CA52 /* Pods_Boursobook.framework */,
				4E58F1A874EC2F2F19F82C9B /* Pods_BoursobookTests.framework */,
			);
			name = Frameworks;
			sourceTree = "<group>";
		};
		4F149FF52344FD5A00791593 /* LabelSheet */ = {
			isa = PBXGroup;
			children = (
				4F19E83C22F75D17004C545C /* LabelSheetTestCase.swift */,
			);
			path = LabelSheet;
			sourceTree = "<group>";
		};
		4F16C726230FE77400063B95 /* Article */ = {
			isa = PBXGroup;
			children = (
				4F16C727230FE79B00063B95 /* ArticleTestCase.swift */,
				4F815E9B23210D4E00C6718A /* ArticleAPITestCaseWithMockR.swift */,
				4F3DEEF7234AA3C800ECF9F3 /* ArticleAPITestCaseWithMockCR.swift */,
				4F3DEEFB234AA5CA00ECF9F3 /* ArticleAPITestCaseWithMockUD.swift */,
				4F3DEEF9234AA3E100ECF9F3 /* ArticleAPITestCaseRealDB.swift */,
			);
			path = Article;
			sourceTree = "<group>";
		};
		4F19E84022FAF503004C545C /* BookService */ = {
			isa = PBXGroup;
			children = (
				4F19E83E22FAF4E9004C545C /* BookServiceTestCase.swift */,
				4F19E8CD2301B4EC004C545C /* NoBook.json */,
				4F19E84522FB27EC004C545C /* WrongBook.json */,
				4F19E84722FB281B004C545C /* CorrectBook.json */,
			);
			path = BookService;
			sourceTree = "<group>";
		};
		4F1E66D322DF252800C73B88 /* Articles */ = {
			isa = PBXGroup;
			children = (
				4FA05B9522C2400E00708718 /* AddArticleViewController.swift */,
				4FA05B9B22C26DE400708718 /* ArticleListTableViewController.swift */,
				4FA05B9F22C3484A00708718 /* ArticleViewController.swift */,
				4F1E66D022DF1B7D00C73B88 /* BrowseArticleListTableViewController.swift */,
				4F7AA7EB22EDDBAC001FA860 /* ScanBookViewController.swift */,
			);
			path = Articles;
			sourceTree = "<group>";
		};
		4F1FA54E2344C78100816DD9 /* Sale */ = {
			isa = PBXGroup;
			children = (
				4F1FA54F2344C7A900816DD9 /* SaleTestCase.swift */,
				4FDD6061234621FD00612606 /* SaleAPITestCaseWithMock.swift */,
				4F4A3AB923477CE500139359 /* SaleAPITestCaseRealDB.swift */,
			);
			path = Sale;
			sourceTree = "<group>";
		};
		4F25C3FD23390DA400916CC8 /* Sale */ = {
			isa = PBXGroup;
			children = (
				4F25C3FB23390D6D00916CC8 /* Sale.swift */,
				4F25C3FE23390DF200916CC8 /* SaleValues.swift */,
				4F25C4002339138800916CC8 /* SaleAPI.swift */,
			);
			path = Sale;
			sourceTree = "<group>";
		};
		4F3820262302ADEC00AB9577 /* Purse */ = {
			isa = PBXGroup;
			children = (
				4F3820242302ADE600AB9577 /* PurseTestCase.swift */,
				4F815E91231E714800C6718A /* PurseAPITestCaseWithMockCR.swift */,
				4F89FB0D2349FE7C002A650C /* PurseAPITestCaseWithMockUD.swift */,
				4F89FB0B2349F602002A650C /* PurseAPITestCaseRealDB.swift */,
			);
			path = Purse;
			sourceTree = "<group>";
		};
		4F6B918B231A931D004C863A /* Login */ = {
			isa = PBXGroup;
			children = (
				4FF1668B22C4C7FC00236165 /* LoginViewController.swift */,
				4F815E84231A969B00C6718A /* SelectPurseViewController.swift */,
			);
			path = Login;
			sourceTree = "<group>";
		};
		4F6C1C3722CE2424004C9BF3 /* Purse */ = {
			isa = PBXGroup;
			children = (
				4F6C1C3822CE2437004C9BF3 /* Purse.swift */,
				4F815E86231A97E100C6718A /* PurseAPI.swift */,
			);
			path = Purse;
			sourceTree = "<group>";
		};
		4F7AA7E622E2F1C0001FA860 /* LabelSheet */ = {
			isa = PBXGroup;
			children = (
				4F7AA7E722E2F683001FA860 /* LabelSheet.swift */,
			);
			name = LabelSheet;
			path = ../../LabelSheet;
			sourceTree = "<group>";
		};
		4F7AA7ED22EDE100001FA860 /* Book */ = {
			isa = PBXGroup;
			children = (
				4F7AA7EE22EDE162001FA860 /* Book.swift */,
				4F7AA7F022EF44E7001FA860 /* BookService.swift */,
			);
			path = Book;
			sourceTree = "<group>";
		};
		4F815E8A231E4E4E00C6718A /* URLSession */ = {
			isa = PBXGroup;
			children = (
				4F19E84122FB25FB004C545C /* URLSessionFake.swift */,
				4F19E84322FB26E6004C545C /* FakeResponseData.swift */,
			);
			path = URLSession;
			sourceTree = "<group>";
		};
		4F815E8B231E4E9A00C6718A /* Remote */ = {
			isa = PBXGroup;
			children = (
				4F1B5741230D2F7D000C7276 /* RemoteDatabaseRequestMock.swift */,
				4F815EB1232259F800C6718A /* RemoteAuthenticationRequestMock.swift */,
				4F815E8F231E50DD00C6718A /* FakeDataDictionary.swift */,
				4FD11C5A231472C200FB9F94 /* FakeData.swift */,
			);
			path = Remote;
			sourceTree = "<group>";
		};
		4F815E8C231E4F0F00C6718A /* Seller */ = {
			isa = PBXGroup;
			children = (
				4F815E8D231E4F3800C6718A /* SellerTestCase.swift */,
				4F815E972321024B00C6718A /* SellerAPITestCaseWithMockCR.swift */,
				4F3DEEF3234A949B00ECF9F3 /* SellerAPITestCaseWithMockUD.swift */,
				4F89FB11234A8837002A650C /* SellerAPITestCaseRealDB.swift */,
				4F3DEEF5234A97CB00ECF9F3 /* SellerCodeTestCase.swift */,
			);
			path = Seller;
			sourceTree = "<group>";
		};
		4F815EA323215E1B00C6718A /* Remote Authentication */ = {
			isa = PBXGroup;
			children = (
				4F815E9D23215A4D00C6718A /* RemoteAuthenticationRequest.swift */,
				4F815EA82322475800C6718A /* RemoteAuthentication.swift */,
				4F815EA423215F3000C6718A /* RemoteAuthenticationModel.swift */,
				4F815E9F23215B8300C6718A /* FireBaseAuthenticationRequest.swift */,
			);
			path = "Remote Authentication";
			sourceTree = "<group>";
		};
		4F815EAA2322573400C6718A /* User */ = {
			isa = PBXGroup;
			children = (
				4F815EAD2322576C00C6718A /* UserTestCase.swift */,
				4F815EAF2322591500C6718A /* UserAuthAPITestCaseWithMock.swift */,
				4F89FB0F234A81A9002A650C /* UserAPITestCaseWithMock.swift */,
			);
			path = User;
			sourceTree = "<group>";
		};
		4F9E864A22C6383D00C9BE1E /* User */ = {
			isa = PBXGroup;
			children = (
				4F9E864622C636B100C9BE1E /* User.swift */,
				4F815EA62322418E00C6718A /* UserAuthAPI.swift */,
				4FCF6AF623269A1100C71C11 /* UserAPI.swift */,
			);
			path = User;
			sourceTree = "<group>";
		};
		4F9E864B22C6384C00C9BE1E /* Seller */ = {
			isa = PBXGroup;
			children = (
				4FA05B8822BD356500708718 /* Seller.swift */,
				4F815E952320FEF400C6718A /* SellerAPI.swift */,
				4FA05B9122BD83F700708718 /* SellerCode.swift */,
			);
			path = Seller;
			sourceTree = "<group>";
		};
		4F9E864C22C6386300C9BE1E /* Article */ = {
			isa = PBXGroup;
			children = (
				4FA05B9722C24AC200708718 /* Article.swift */,
				4F815E9923210C8400C6718A /* ArticleAPI.swift */,
			);
			path = Article;
			sourceTree = "<group>";
		};
		4FA05B8A22BD3FA100708718 /* Seller */ = {
			isa = PBXGroup;
			children = (
				4FA05B8222BD06E100708718 /* SellersListViewController.swift */,
				4FA05B7822BCFE3900708718 /* SellerViewController.swift */,
				4FA05B8422BD197E00708718 /* AddNewSellerViewController.swift */,
			);
			path = Seller;
			sourceTree = "<group>";
		};
		4FA05B8B22BD3FC700708718 /* Sales */ = {
			isa = PBXGroup;
			children = (
				4FA05B8022BD01C100708718 /* SaleViewController.swift */,
				4F8B454B22C9FBA8005FD099 /* ScanQrCodeViewController.swift */,
			);
			path = Sales;
			sourceTree = "<group>";
		};
		4FA05B8C22BD3FE200708718 /* Info */ = {
			isa = PBXGroup;
			children = (
				4FA05B7422BCFD4900708718 /* InfoViewController.swift */,
				4F8B454D22C9FBE1005FD099 /* SetupViewController.swift */,
				4F19E85122FD80B7004C545C /* SheetSetupViewController.swift */,
				4FCF6AF82326A01700C71C11 /* UserListTableViewController.swift */,
			);
			path = Info;
			sourceTree = "<group>";
		};
		4FC5132E22B13440000FD572 = {
			isa = PBXGroup;
			children = (
				4FC5133922B13440000FD572 /* Boursobook */,
				4FC5135122B13440000FD572 /* BoursobookTests */,
				4FC5133822B13440000FD572 /* Products */,
				52F8EC04C1FA26C604F0A847 /* Pods */,
				30AD75877C3943C28257FDCC /* Frameworks */,
			);
			sourceTree = "<group>";
		};
		4FC5133822B13440000FD572 /* Products */ = {
			isa = PBXGroup;
			children = (
				4FC5134E22B13440000FD572 /* BoursobookTests.xctest */,
				4F6B772C23100CB10028EA97 /* Boursobook.app */,
			);
			name = Products;
			sourceTree = "<group>";
		};
		4FC5133922B13440000FD572 /* Boursobook */ = {
			isa = PBXGroup;
			children = (
				4F9E863C22C610FD00C9BE1E /* Boursobook.entitlements */,
				4F3820272302EAB000AB9577 /* Notes.swift */,
				4FC5136022B155E9000FD572 /* Model */,
				4FC5136122B155F5000FD572 /* View */,
				4FC5136222B15600000FD572 /* Controller */,
				4FC5134422B13440000FD572 /* Assets.xcassets */,
				4FF1668D22C4D23B00236165 /* Other */,
				4FC5136322B15617000FD572 /* Supporting Files */,
			);
			path = Boursobook;
			sourceTree = "<group>";
		};
		4FC5135122B13440000FD572 /* BoursobookTests */ = {
			isa = PBXGroup;
			children = (
				4F1FA54E2344C78100816DD9 /* Sale */,
				4F815EAA2322573400C6718A /* User */,
				4F815E8B231E4E9A00C6718A /* Remote */,
				4F3820262302ADEC00AB9577 /* Purse */,
				4F815E8C231E4F0F00C6718A /* Seller */,
				4F16C726230FE77400063B95 /* Article */,
				4F815E8A231E4E4E00C6718A /* URLSession */,
				4F19E84022FAF503004C545C /* BookService */,
				4FC5135422B13440000FD572 /* Info.plist */,
				4F149FF52344FD5A00791593 /* LabelSheet */,
			);
			path = BoursobookTests;
			sourceTree = "<group>";
		};
		4FC5136022B155E9000FD572 /* Model */ = {
			isa = PBXGroup;
			children = (
				4F7AA7ED22EDE100001FA860 /* Book */,
				4F7AA7E622E2F1C0001FA860 /* LabelSheet */,
				4F25C3FD23390DA400916CC8 /* Sale */,
				4F6C1C3722CE2424004C9BF3 /* Purse */,
				4F9E864A22C6383D00C9BE1E /* User */,
				4F9E864B22C6384C00C9BE1E /* Seller */,
				4F9E864C22C6386300C9BE1E /* Article */,
				4F9E864D22C6431700C9BE1E /* Error+extension.swift */,
				4F6C1C3F22D4F2FC004C9BF3 /* InMemoryStorage.swift */,
				4F815EA323215E1B00C6718A /* Remote Authentication */,
				4FDA36A0230AFA5700D70489 /* Remote Database */,
			);
			path = Model;
			sourceTree = "<group>";
		};
		4FC5136122B155F5000FD572 /* View */ = {
			isa = PBXGroup;
			children = (
				4FC5133E22B13440000FD572 /* Main.storyboard */,
				4F1FA5492344C45F00816DD9 /* Seller.storyboard */,
				4F1FA5422344C42B00816DD9 /* Sale.storyboard */,
				4F1FA53B2344BC5D00816DD9 /* Info.storyboard */,
				4FC5134622B13440000FD572 /* LaunchScreen.storyboard */,
				4FA05B8D22BD43E300708718 /* SellerListTableViewCell.swift */,
				4F815E88231AB41800C6718A /* PurseListTableViewCell.swift */,
				4FCF6AFA2326A0E100C71C11 /* UserListTableViewCell.swift */,
				4FA05B9D22C270BB00708718 /* ArticleListTableViewCell.swift */,
				4F7AA7E222DF8E94001FA860 /* BrowseArticleTableViewCell.swift */,
				4F7AA7E422E05418001FA860 /* TransactionActicleListTableViewCell.swift */,
			);
			path = View;
			sourceTree = "<group>";
		};
		4FC5136222B15600000FD572 /* Controller */ = {
			isa = PBXGroup;
			children = (
				4F6B918B231A931D004C863A /* Login */,
				4FA05B8C22BD3FE200708718 /* Info */,
				4FA05B8B22BD3FC700708718 /* Sales */,
				4FA05B8A22BD3FA100708718 /* Seller */,
				4F1E66D322DF252800C73B88 /* Articles */,
				4FA05B9322BD880200708718 /* UIViewController+Extension.swift */,
				4F19E83A22F5F69C004C545C /* SearchingBookDelegate.swift */,
			);
			path = Controller;
			sourceTree = "<group>";
		};
		4FC5136322B15617000FD572 /* Supporting Files */ = {
			isa = PBXGroup;
			children = (
				4FC5134922B13440000FD572 /* Info.plist */,
				4F815E93231EC10000C6718A /* PrivateKey.swift */,
				4FC5C934230599C600BDD28E /* GoogleService-Info-production.plist */,
				4FC5C93523059B6B00BDD28E /* GoogleService-Info-development.plist */,
				4FF1668722C3D9E800236165 /* .gitignore */,
			);
			path = "Supporting Files";
			sourceTree = "<group>";
		};
		4FDA36A0230AFA5700D70489 /* Remote Database */ = {
			isa = PBXGroup;
			children = (
				4FC5C93C2305BF8800BDD28E /* RemoteDatabaseRequest.swift */,
				4FDA369C230A963A00D70489 /* RemoteDataBaseModel.swift */,
				4F1B573D230D2ED8000C7276 /* FireBaseDataRequest.swift */,
				4FAF92962341F4E400B903FF /* FireBaseDataRequest+extensionUD.swift */,
				4FDA36A1230AFA8600D70489 /* RemoteDatabase.swift */,
			);
			path = "Remote Database";
			sourceTree = "<group>";
		};
		4FF1668D22C4D23B00236165 /* Other */ = {
			isa = PBXGroup;
			children = (
				4F9E864122C6239A00C9BE1E /* Localizable.strings */,
				4FC5133A22B13440000FD572 /* AppDelegate.swift */,
			);
			path = Other;
			sourceTree = "<group>";
		};
		52F8EC04C1FA26C604F0A847 /* Pods */ = {
			isa = PBXGroup;
			children = (
				81F6E13C0E6BA2A8991066C8 /* Pods-BoursobookProduction.debug.xcconfig */,
				BE3BA1829B60B2169166A54F /* Pods-BoursobookProduction.release.xcconfig */,
				172B6770E3BD2DD917D1F010 /* Pods-BoursobookProduction-BoursobookDevelopment.debug.xcconfig */,
				5A2C0A0CB3056EEFE1422274 /* Pods-BoursobookProduction-BoursobookDevelopment.release.xcconfig */,
				0ABF2AE86A70D7B951223E35 /* Pods-BoursobookProduction-BoursobookDevelopment-BoursobookDevelopmentFrench.debug.xcconfig */,
				B2499EF21E2BBB77CFCEFC67 /* Pods-BoursobookProduction-BoursobookDevelopment-BoursobookDevelopmentFrench.release.xcconfig */,
				7C2E5CDCBC54888F269C293E /* Pods-BoursobookTests.debug.xcconfig */,
				D8D612D99BDB43B0E8C94AA9 /* Pods-BoursobookTests.release.xcconfig */,
				1104027D79BE5C839A2ACB5E /* Pods-Boursobook.debug.xcconfig */,
				5381DE441BEE4C417421E306 /* Pods-Boursobook.release.xcconfig */,
			);
			path = Pods;
			sourceTree = "<group>";
		};
/* End PBXGroup section */

/* Begin PBXNativeTarget section */
		4F6B76EE23100CB10028EA97 /* Boursobook */ = {
			isa = PBXNativeTarget;
			buildConfigurationList = 4F6B772923100CB10028EA97 /* Build configuration list for PBXNativeTarget "Boursobook" */;
			buildPhases = (
				4F6B76EF23100CB10028EA97 /* [CP] Check Pods Manifest.lock */,
				4F6B76F023100CB10028EA97 /* Sources */,
				4F6B771D23100CB10028EA97 /* Frameworks */,
				4F6B771F23100CB10028EA97 /* Resources */,
				4F6B772723100CB10028EA97 /* ShellScript */,
				9786B43B49031B39B6B88148 /* [CP] Embed Pods Frameworks */,
			);
			buildRules = (
			);
			dependencies = (
			);
			name = Boursobook;
			productName = Boursobook;
			productReference = 4F6B772C23100CB10028EA97 /* Boursobook.app */;
			productType = "com.apple.product-type.application";
		};
		4FC5134D22B13440000FD572 /* BoursobookTests */ = {
			isa = PBXNativeTarget;
			buildConfigurationList = 4FC5135A22B13440000FD572 /* Build configuration list for PBXNativeTarget "BoursobookTests" */;
			buildPhases = (
				C4BE6D1DB790D90D31735699 /* [CP] Check Pods Manifest.lock */,
				4FC5134A22B13440000FD572 /* Sources */,
				4FC5134B22B13440000FD572 /* Frameworks */,
				4FC5134C22B13440000FD572 /* Resources */,
				1070139E9DB48DBA398FE81C /* [CP] Embed Pods Frameworks */,
			);
			buildRules = (
			);
			dependencies = (
				4F6B772F2310137F0028EA97 /* PBXTargetDependency */,
			);
			name = BoursobookTests;
			productName = BoursobookTests;
			productReference = 4FC5134E22B13440000FD572 /* BoursobookTests.xctest */;
			productType = "com.apple.product-type.bundle.unit-test";
		};
/* End PBXNativeTarget section */

/* Begin PBXProject section */
		4FC5132F22B13440000FD572 /* Project object */ = {
			isa = PBXProject;
			attributes = {
				LastSwiftUpdateCheck = 1020;
				LastUpgradeCheck = 1100;
				ORGANIZATIONNAME = "David Dubez";
				TargetAttributes = {
					4FC5134D22B13440000FD572 = {
						CreatedOnToolsVersion = 10.2.1;
						TestTargetID = 4F6B76EE23100CB10028EA97;
					};
				};
			};
			buildConfigurationList = 4FC5133222B13440000FD572 /* Build configuration list for PBXProject "Boursobook" */;
			compatibilityVersion = "Xcode 9.3";
			developmentRegion = en;
			hasScannedForEncodings = 0;
			knownRegions = (
				en,
				Base,
				fr,
			);
			mainGroup = 4FC5132E22B13440000FD572;
			productRefGroup = 4FC5133822B13440000FD572 /* Products */;
			projectDirPath = "";
			projectRoot = "";
			targets = (
				4FC5134D22B13440000FD572 /* BoursobookTests */,
				4F6B76EE23100CB10028EA97 /* Boursobook */,
			);
		};
/* End PBXProject section */

/* Begin PBXResourcesBuildPhase section */
		4F6B771F23100CB10028EA97 /* Resources */ = {
			isa = PBXResourcesBuildPhase;
			buildActionMask = 2147483647;
			files = (
				4F6B772023100CB10028EA97 /* GoogleService-Info-production.plist in Resources */,
				4F6B772123100CB10028EA97 /* .gitignore in Resources */,
				4F1FA5392344BC5D00816DD9 /* Info.storyboard in Resources */,
				4F6B772223100CB10028EA97 /* LaunchScreen.storyboard in Resources */,
				4F6B772323100CB10028EA97 /* Localizable.strings in Resources */,
				4F1FA5472344C45F00816DD9 /* Seller.storyboard in Resources */,
				4F1FA5402344C42B00816DD9 /* Sale.storyboard in Resources */,
				4F6B772423100CB10028EA97 /* Assets.xcassets in Resources */,
				4F6B772523100CB10028EA97 /* GoogleService-Info-development.plist in Resources */,
				4F6B772623100CB10028EA97 /* Main.storyboard in Resources */,
			);
			runOnlyForDeploymentPostprocessing = 0;
		};
		4FC5134C22B13440000FD572 /* Resources */ = {
			isa = PBXResourcesBuildPhase;
			buildActionMask = 2147483647;
			files = (
				4F19E84622FB27EC004C545C /* WrongBook.json in Resources */,
				4F19E84822FB281B004C545C /* CorrectBook.json in Resources */,
				4F19E8CE2301B4EC004C545C /* NoBook.json in Resources */,
			);
			runOnlyForDeploymentPostprocessing = 0;
		};
/* End PBXResourcesBuildPhase section */

/* Begin PBXShellScriptBuildPhase section */
		1070139E9DB48DBA398FE81C /* [CP] Embed Pods Frameworks */ = {
			isa = PBXShellScriptBuildPhase;
			buildActionMask = 2147483647;
			files = (
			);
			inputFileListPaths = (
				"${PODS_ROOT}/Target Support Files/Pods-BoursobookTests/Pods-BoursobookTests-frameworks-${CONFIGURATION}-input-files.xcfilelist",
			);
			name = "[CP] Embed Pods Frameworks";
			outputFileListPaths = (
				"${PODS_ROOT}/Target Support Files/Pods-BoursobookTests/Pods-BoursobookTests-frameworks-${CONFIGURATION}-output-files.xcfilelist",
			);
			runOnlyForDeploymentPostprocessing = 0;
			shellPath = /bin/sh;
			shellScript = "\"${PODS_ROOT}/Target Support Files/Pods-BoursobookTests/Pods-BoursobookTests-frameworks.sh\"\n";
			showEnvVarsInLog = 0;
		};
		4F6B76EF23100CB10028EA97 /* [CP] Check Pods Manifest.lock */ = {
			isa = PBXShellScriptBuildPhase;
			buildActionMask = 2147483647;
			files = (
			);
			inputPaths = (
				"${PODS_PODFILE_DIR_PATH}/Podfile.lock",
				"${PODS_ROOT}/Manifest.lock",
			);
			name = "[CP] Check Pods Manifest.lock";
			outputPaths = (
				"$(DERIVED_FILE_DIR)/Pods-Boursobook-checkManifestLockResult.txt",
			);
			runOnlyForDeploymentPostprocessing = 0;
			shellPath = /bin/sh;
			shellScript = "diff \"${PODS_PODFILE_DIR_PATH}/Podfile.lock\" \"${PODS_ROOT}/Manifest.lock\" > /dev/null\nif [ $? != 0 ] ; then\n    # print error to STDERR\n    echo \"error: The sandbox is not in sync with the Podfile.lock. Run 'pod install' or update your CocoaPods installation.\" >&2\n    exit 1\nfi\n# This output is used by Xcode 'outputs' to avoid re-running this script phase.\necho \"SUCCESS\" > \"${SCRIPT_OUTPUT_FILE_0}\"\n";
			showEnvVarsInLog = 0;
		};
		4F6B772723100CB10028EA97 /* ShellScript */ = {
			isa = PBXShellScriptBuildPhase;
			buildActionMask = 2147483647;
			files = (
			);
			inputPaths = (
			);
			outputPaths = (
			);
			runOnlyForDeploymentPostprocessing = 0;
			shellPath = /bin/sh;
			shellScript = "if which swiftlint >/dev/null; then\nswiftlint\nelse\necho \"warning: SwiftLint not installed, download from https://github.com/realm/SwiftLint\"\nfi\n";
		};
		9786B43B49031B39B6B88148 /* [CP] Embed Pods Frameworks */ = {
			isa = PBXShellScriptBuildPhase;
			buildActionMask = 2147483647;
			files = (
			);
			inputFileListPaths = (
				"${PODS_ROOT}/Target Support Files/Pods-Boursobook/Pods-Boursobook-frameworks-${CONFIGURATION}-input-files.xcfilelist",
			);
			name = "[CP] Embed Pods Frameworks";
			outputFileListPaths = (
				"${PODS_ROOT}/Target Support Files/Pods-Boursobook/Pods-Boursobook-frameworks-${CONFIGURATION}-output-files.xcfilelist",
			);
			runOnlyForDeploymentPostprocessing = 0;
			shellPath = /bin/sh;
			shellScript = "\"${PODS_ROOT}/Target Support Files/Pods-Boursobook/Pods-Boursobook-frameworks.sh\"\n";
			showEnvVarsInLog = 0;
		};
		C4BE6D1DB790D90D31735699 /* [CP] Check Pods Manifest.lock */ = {
			isa = PBXShellScriptBuildPhase;
			buildActionMask = 2147483647;
			files = (
			);
			inputPaths = (
				"${PODS_PODFILE_DIR_PATH}/Podfile.lock",
				"${PODS_ROOT}/Manifest.lock",
			);
			name = "[CP] Check Pods Manifest.lock";
			outputPaths = (
				"$(DERIVED_FILE_DIR)/Pods-BoursobookTests-checkManifestLockResult.txt",
			);
			runOnlyForDeploymentPostprocessing = 0;
			shellPath = /bin/sh;
			shellScript = "diff \"${PODS_PODFILE_DIR_PATH}/Podfile.lock\" \"${PODS_ROOT}/Manifest.lock\" > /dev/null\nif [ $? != 0 ] ; then\n    # print error to STDERR\n    echo \"error: The sandbox is not in sync with the Podfile.lock. Run 'pod install' or update your CocoaPods installation.\" >&2\n    exit 1\nfi\n# This output is used by Xcode 'outputs' to avoid re-running this script phase.\necho \"SUCCESS\" > \"${SCRIPT_OUTPUT_FILE_0}\"\n";
			showEnvVarsInLog = 0;
		};
/* End PBXShellScriptBuildPhase section */

/* Begin PBXSourcesBuildPhase section */
		4F6B76F023100CB10028EA97 /* Sources */ = {
			isa = PBXSourcesBuildPhase;
			buildActionMask = 2147483647;
			files = (
				4F6B76F123100CB10028EA97 /* LoginViewController.swift in Sources */,
				4FCF6AFB2326A0E100C71C11 /* UserListTableViewCell.swift in Sources */,
				4F6B76F223100CB10028EA97 /* Article.swift in Sources */,
				4F6B76F423100CB10028EA97 /* SearchingBookDelegate.swift in Sources */,
				4F815E85231A969B00C6718A /* SelectPurseViewController.swift in Sources */,
				4F6B76F523100CB10028EA97 /* SaleViewController.swift in Sources */,
				4F6B76F623100CB10028EA97 /* LabelSheet.swift in Sources */,
				4F815E9A23210C8400C6718A /* ArticleAPI.swift in Sources */,
				4F815EA92322475800C6718A /* RemoteAuthentication.swift in Sources */,
				4F25C3FF23390DF200916CC8 /* SaleValues.swift in Sources */,
				4F6B76F723100CB10028EA97 /* ScanQrCodeViewController.swift in Sources */,
				4FCF6AF92326A01700C71C11 /* UserListTableViewController.swift in Sources */,
				4F815EA023215B8300C6718A /* FireBaseAuthenticationRequest.swift in Sources */,
				4F6B76F923100CB10028EA97 /* TransactionActicleListTableViewCell.swift in Sources */,
				4FCF6AF723269A1100C71C11 /* UserAPI.swift in Sources */,
				4F6B76FA23100CB10028EA97 /* BrowseArticleTableViewCell.swift in Sources */,
				4F6B76FB23100CB10028EA97 /* RemoteDatabase.swift in Sources */,
				4F815EA523215F3000C6718A /* RemoteAuthenticationModel.swift in Sources */,
				4F6B76FC23100CB10028EA97 /* Purse.swift in Sources */,
				4F6B76FD23100CB10028EA97 /* SetupViewController.swift in Sources */,
				4F6B76FE23100CB10028EA97 /* Error+extension.swift in Sources */,
				4F6B76FF23100CB10028EA97 /* ScanBookViewController.swift in Sources */,
				4F6B770023100CB10028EA97 /* RemoteDatabaseRequest.swift in Sources */,
				4F815E9E23215A4D00C6718A /* RemoteAuthenticationRequest.swift in Sources */,
				4F6B770123100CB10028EA97 /* Notes.swift in Sources */,
				4F815E89231AB41800C6718A /* PurseListTableViewCell.swift in Sources */,
				4F6B770223100CB10028EA97 /* UIViewController+Extension.swift in Sources */,
				4F815E87231A97E100C6718A /* PurseAPI.swift in Sources */,
				4F6B770423100CB10028EA97 /* BrowseArticleListTableViewController.swift in Sources */,
				4F6B770523100CB10028EA97 /* ArticleListTableViewController.swift in Sources */,
				4F6B770723100CB10028EA97 /* SellerViewController.swift in Sources */,
				4F6B770823100CB10028EA97 /* SellerListTableViewCell.swift in Sources */,
				4F6B770923100CB10028EA97 /* RemoteDataBaseModel.swift in Sources */,
				4F6B770A23100CB10028EA97 /* SellerCode.swift in Sources */,
				4F6B770C23100CB10028EA97 /* InMemoryStorage.swift in Sources */,
				4F815EA72322418E00C6718A /* UserAuthAPI.swift in Sources */,
				4F6B770E23100CB10028EA97 /* Book.swift in Sources */,
				4F6B770F23100CB10028EA97 /* InfoViewController.swift in Sources */,
				4F6B771023100CB10028EA97 /* ArticleListTableViewCell.swift in Sources */,
				4F6B771123100CB10028EA97 /* SellersListViewController.swift in Sources */,
				4F25C4012339138800916CC8 /* SaleAPI.swift in Sources */,
				4F6B771223100CB10028EA97 /* ArticleViewController.swift in Sources */,
				4F6B771323100CB10028EA97 /* Seller.swift in Sources */,
				4F815E962320FEF400C6718A /* SellerAPI.swift in Sources */,
				4F6B771523100CB10028EA97 /* AddArticleViewController.swift in Sources */,
				4FAF92972341F4E400B903FF /* FireBaseDataRequest+extensionUD.swift in Sources */,
				4F6B771723100CB10028EA97 /* FireBaseDataRequest.swift in Sources */,
				4F6B771823100CB10028EA97 /* BookService.swift in Sources */,
				4F6B771923100CB10028EA97 /* AddNewSellerViewController.swift in Sources */,
				4F6B771A23100CB10028EA97 /* AppDelegate.swift in Sources */,
				4F6B771B23100CB10028EA97 /* SheetSetupViewController.swift in Sources */,
				4F6B771C23100CB10028EA97 /* User.swift in Sources */,
				4F25C3FC23390D6D00916CC8 /* Sale.swift in Sources */,
				4F815E94231EC10000C6718A /* PrivateKey.swift in Sources */,
			);
			runOnlyForDeploymentPostprocessing = 0;
		};
		4FC5134A22B13440000FD572 /* Sources */ = {
			isa = PBXSourcesBuildPhase;
			buildActionMask = 2147483647;
			files = (
				4F1FA5502344C7A900816DD9 /* SaleTestCase.swift in Sources */,
				4F89FB0E2349FE7C002A650C /* PurseAPITestCaseWithMockUD.swift in Sources */,
				4F3DEEF8234AA3C800ECF9F3 /* ArticleAPITestCaseWithMockCR.swift in Sources */,
				4F815E90231E50DD00C6718A /* FakeDataDictionary.swift in Sources */,
				4F815E982321024B00C6718A /* SellerAPITestCaseWithMockCR.swift in Sources */,
				4F3DEEF6234A97CB00ECF9F3 /* SellerCodeTestCase.swift in Sources */,
				4F19E83F22FAF4E9004C545C /* BookServiceTestCase.swift in Sources */,
				4F89FB12234A8837002A650C /* SellerAPITestCaseRealDB.swift in Sources */,
				4F19E84222FB25FB004C545C /* URLSessionFake.swift in Sources */,
				4F815EB02322591500C6718A /* UserAuthAPITestCaseWithMock.swift in Sources */,
				4F3DEEF4234A949B00ECF9F3 /* SellerAPITestCaseWithMockUD.swift in Sources */,
				4FD11C5B231472C200FB9F94 /* FakeData.swift in Sources */,
				4F3DEEFA234AA3E100ECF9F3 /* ArticleAPITestCaseRealDB.swift in Sources */,
				4F815E8E231E4F3800C6718A /* SellerTestCase.swift in Sources */,
				4F4A3ABA23477CE500139359 /* SaleAPITestCaseRealDB.swift in Sources */,
				4F19E84422FB26E6004C545C /* FakeResponseData.swift in Sources */,
				4F1B5742230D2F7D000C7276 /* RemoteDatabaseRequestMock.swift in Sources */,
				4F16C728230FE79B00063B95 /* ArticleTestCase.swift in Sources */,
				4FDD6062234621FD00612606 /* SaleAPITestCaseWithMock.swift in Sources */,
				4F19E83D22F75D17004C545C /* LabelSheetTestCase.swift in Sources */,
				4F89FB0C2349F602002A650C /* PurseAPITestCaseRealDB.swift in Sources */,
				4F815EAE2322576C00C6718A /* UserTestCase.swift in Sources */,
				4F89FB10234A81A9002A650C /* UserAPITestCaseWithMock.swift in Sources */,
				4F815EB2232259F800C6718A /* RemoteAuthenticationRequestMock.swift in Sources */,
				4F815E9C23210D4E00C6718A /* ArticleAPITestCaseWithMockR.swift in Sources */,
				4F815E92231E714800C6718A /* PurseAPITestCaseWithMockCR.swift in Sources */,
				4F3DEEFC234AA5CA00ECF9F3 /* ArticleAPITestCaseWithMockUD.swift in Sources */,
				4F3820252302ADE600AB9577 /* PurseTestCase.swift in Sources */,
			);
			runOnlyForDeploymentPostprocessing = 0;
		};
/* End PBXSourcesBuildPhase section */

/* Begin PBXTargetDependency section */
		4F6B772F2310137F0028EA97 /* PBXTargetDependency */ = {
			isa = PBXTargetDependency;
			target = 4F6B76EE23100CB10028EA97 /* Boursobook */;
			targetProxy = 4F6B772E2310137F0028EA97 /* PBXContainerItemProxy */;
		};
/* End PBXTargetDependency section */

/* Begin PBXVariantGroup section */
		4F1FA53B2344BC5D00816DD9 /* Info.storyboard */ = {
			isa = PBXVariantGroup;
			children = (
				4F1FA53A2344BC5D00816DD9 /* Base */,
				4F1FA53D2344BC6E00816DD9 /* fr */,
			);
			name = Info.storyboard;
			sourceTree = "<group>";
		};
		4F1FA5422344C42B00816DD9 /* Sale.storyboard */ = {
			isa = PBXVariantGroup;
			children = (
				4F1FA5412344C42B00816DD9 /* Base */,
				4F1FA5442344C42F00816DD9 /* fr */,
			);
			name = Sale.storyboard;
			sourceTree = "<group>";
		};
		4F1FA5492344C45F00816DD9 /* Seller.storyboard */ = {
			isa = PBXVariantGroup;
			children = (
				4F1FA5482344C45F00816DD9 /* Base */,
				4F1FA54B2344C46700816DD9 /* fr */,
			);
			name = Seller.storyboard;
			sourceTree = "<group>";
		};
		4F9E864122C6239A00C9BE1E /* Localizable.strings */ = {
			isa = PBXVariantGroup;
			children = (
				4F9E864022C6239A00C9BE1E /* en */,
				4F9E864222C6239F00C9BE1E /* fr */,
			);
			name = Localizable.strings;
			sourceTree = "<group>";
		};
		4FC5133E22B13440000FD572 /* Main.storyboard */ = {
			isa = PBXVariantGroup;
			children = (
				4FC5133F22B13440000FD572 /* Base */,
				4F1FA5522344CD7500816DD9 /* fr */,
			);
			name = Main.storyboard;
			sourceTree = "<group>";
		};
		4FC5134622B13440000FD572 /* LaunchScreen.storyboard */ = {
			isa = PBXVariantGroup;
			children = (
				4FC5134722B13440000FD572 /* Base */,
				4FC5135F22B155CF000FD572 /* fr */,
			);
			name = LaunchScreen.storyboard;
			sourceTree = "<group>";
		};
/* End PBXVariantGroup section */

/* Begin XCBuildConfiguration section */
		4F6B772A23100CB10028EA97 /* Debug */ = {
			isa = XCBuildConfiguration;
			baseConfigurationReference = 1104027D79BE5C839A2ACB5E /* Pods-Boursobook.debug.xcconfig */;
			buildSettings = {
				ASSETCATALOG_COMPILER_APPICON_NAME = AppIcon;
				CODE_SIGN_ENTITLEMENTS = Boursobook/Boursobook.entitlements;
				CODE_SIGN_STYLE = Automatic;
				DEVELOPMENT_TEAM = A5M6QHPHN6;
				INFOPLIST_FILE = "$(SRCROOT)/Boursobook/Supporting Files/Info.plist";
				LD_RUNPATH_SEARCH_PATHS = (
					"$(inherited)",
					"@executable_path/Frameworks",
				);
				OTHER_SWIFT_FLAGS = "-DTEST_VERSION";
				PRODUCT_BUNDLE_IDENTIFIER = fr.daviddubez.Boursobook;
				PRODUCT_NAME = "$(TARGET_NAME)";
				SWIFT_VERSION = 5.0;
				TARGETED_DEVICE_FAMILY = 1;
				WARNING_CFLAGS = "";
			};
			name = Debug;
		};
		4F6B772B23100CB10028EA97 /* Release */ = {
			isa = XCBuildConfiguration;
			baseConfigurationReference = 5381DE441BEE4C417421E306 /* Pods-Boursobook.release.xcconfig */;
			buildSettings = {
				ASSETCATALOG_COMPILER_APPICON_NAME = AppIcon;
				CODE_SIGN_ENTITLEMENTS = Boursobook/Boursobook.entitlements;
				CODE_SIGN_STYLE = Automatic;
				DEVELOPMENT_TEAM = A5M6QHPHN6;
				INFOPLIST_FILE = "$(SRCROOT)/Boursobook/Supporting Files/Info.plist";
				LD_RUNPATH_SEARCH_PATHS = (
					"$(inherited)",
					"@executable_path/Frameworks",
				);
				PRODUCT_BUNDLE_IDENTIFIER = fr.daviddubez.Boursobook;
				PRODUCT_NAME = "$(TARGET_NAME)";
				SWIFT_VERSION = 5.0;
				TARGETED_DEVICE_FAMILY = 1;
				WARNING_CFLAGS = "";
			};
			name = Release;
		};
		4FC5135522B13440000FD572 /* Debug */ = {
			isa = XCBuildConfiguration;
			buildSettings = {
				ALWAYS_SEARCH_USER_PATHS = NO;
				CLANG_ANALYZER_LOCALIZABILITY_NONLOCALIZED = YES;
				CLANG_ANALYZER_NONNULL = YES;
				CLANG_ANALYZER_NUMBER_OBJECT_CONVERSION = YES_AGGRESSIVE;
				CLANG_CXX_LANGUAGE_STANDARD = "gnu++14";
				CLANG_CXX_LIBRARY = "libc++";
				CLANG_ENABLE_MODULES = YES;
				CLANG_ENABLE_OBJC_ARC = YES;
				CLANG_ENABLE_OBJC_WEAK = YES;
				CLANG_WARN_BLOCK_CAPTURE_AUTORELEASING = YES;
				CLANG_WARN_BOOL_CONVERSION = YES;
				CLANG_WARN_COMMA = YES;
				CLANG_WARN_CONSTANT_CONVERSION = YES;
				CLANG_WARN_DEPRECATED_OBJC_IMPLEMENTATIONS = YES;
				CLANG_WARN_DIRECT_OBJC_ISA_USAGE = YES_ERROR;
				CLANG_WARN_DOCUMENTATION_COMMENTS = YES;
				CLANG_WARN_EMPTY_BODY = YES;
				CLANG_WARN_ENUM_CONVERSION = YES;
				CLANG_WARN_INFINITE_RECURSION = YES;
				CLANG_WARN_INT_CONVERSION = YES;
				CLANG_WARN_NON_LITERAL_NULL_CONVERSION = YES;
				CLANG_WARN_OBJC_IMPLICIT_RETAIN_SELF = YES;
				CLANG_WARN_OBJC_LITERAL_CONVERSION = YES;
				CLANG_WARN_OBJC_ROOT_CLASS = YES_ERROR;
				CLANG_WARN_RANGE_LOOP_ANALYSIS = YES;
				CLANG_WARN_STRICT_PROTOTYPES = YES;
				CLANG_WARN_SUSPICIOUS_MOVE = YES;
				CLANG_WARN_UNGUARDED_AVAILABILITY = YES_AGGRESSIVE;
				CLANG_WARN_UNREACHABLE_CODE = YES;
				CLANG_WARN__DUPLICATE_METHOD_MATCH = YES;
				CODE_SIGN_IDENTITY = "iPhone Developer";
				COPY_PHASE_STRIP = NO;
				DEBUG_INFORMATION_FORMAT = dwarf;
				ENABLE_STRICT_OBJC_MSGSEND = YES;
				ENABLE_TESTABILITY = YES;
				GCC_C_LANGUAGE_STANDARD = gnu11;
				GCC_DYNAMIC_NO_PIC = NO;
				GCC_NO_COMMON_BLOCKS = YES;
				GCC_OPTIMIZATION_LEVEL = 0;
				GCC_PREPROCESSOR_DEFINITIONS = (
					"DEBUG=1",
					"$(inherited)",
				);
				GCC_WARN_64_TO_32_BIT_CONVERSION = YES;
				GCC_WARN_ABOUT_RETURN_TYPE = YES_ERROR;
				GCC_WARN_UNDECLARED_SELECTOR = YES;
				GCC_WARN_UNINITIALIZED_AUTOS = YES_AGGRESSIVE;
				GCC_WARN_UNUSED_FUNCTION = YES;
				GCC_WARN_UNUSED_VARIABLE = YES;
				IPHONEOS_DEPLOYMENT_TARGET = 10.0;
				MTL_ENABLE_DEBUG_INFO = INCLUDE_SOURCE;
				MTL_FAST_MATH = YES;
				ONLY_ACTIVE_ARCH = YES;
				SDKROOT = iphoneos;
				SWIFT_ACTIVE_COMPILATION_CONDITIONS = DEBUG;
				SWIFT_OPTIMIZATION_LEVEL = "-Onone";
			};
			name = Debug;
		};
		4FC5135622B13440000FD572 /* Release */ = {
			isa = XCBuildConfiguration;
			buildSettings = {
				ALWAYS_SEARCH_USER_PATHS = NO;
				CLANG_ANALYZER_LOCALIZABILITY_NONLOCALIZED = YES;
				CLANG_ANALYZER_NONNULL = YES;
				CLANG_ANALYZER_NUMBER_OBJECT_CONVERSION = YES_AGGRESSIVE;
				CLANG_CXX_LANGUAGE_STANDARD = "gnu++14";
				CLANG_CXX_LIBRARY = "libc++";
				CLANG_ENABLE_MODULES = YES;
				CLANG_ENABLE_OBJC_ARC = YES;
				CLANG_ENABLE_OBJC_WEAK = YES;
				CLANG_WARN_BLOCK_CAPTURE_AUTORELEASING = YES;
				CLANG_WARN_BOOL_CONVERSION = YES;
				CLANG_WARN_COMMA = YES;
				CLANG_WARN_CONSTANT_CONVERSION = YES;
				CLANG_WARN_DEPRECATED_OBJC_IMPLEMENTATIONS = YES;
				CLANG_WARN_DIRECT_OBJC_ISA_USAGE = YES_ERROR;
				CLANG_WARN_DOCUMENTATION_COMMENTS = YES;
				CLANG_WARN_EMPTY_BODY = YES;
				CLANG_WARN_ENUM_CONVERSION = YES;
				CLANG_WARN_INFINITE_RECURSION = YES;
				CLANG_WARN_INT_CONVERSION = YES;
				CLANG_WARN_NON_LITERAL_NULL_CONVERSION = YES;
				CLANG_WARN_OBJC_IMPLICIT_RETAIN_SELF = YES;
				CLANG_WARN_OBJC_LITERAL_CONVERSION = YES;
				CLANG_WARN_OBJC_ROOT_CLASS = YES_ERROR;
				CLANG_WARN_RANGE_LOOP_ANALYSIS = YES;
				CLANG_WARN_STRICT_PROTOTYPES = YES;
				CLANG_WARN_SUSPICIOUS_MOVE = YES;
				CLANG_WARN_UNGUARDED_AVAILABILITY = YES_AGGRESSIVE;
				CLANG_WARN_UNREACHABLE_CODE = YES;
				CLANG_WARN__DUPLICATE_METHOD_MATCH = YES;
				CODE_SIGN_IDENTITY = "iPhone Developer";
				COPY_PHASE_STRIP = NO;
				DEBUG_INFORMATION_FORMAT = "dwarf-with-dsym";
				ENABLE_NS_ASSERTIONS = NO;
				ENABLE_STRICT_OBJC_MSGSEND = YES;
				GCC_C_LANGUAGE_STANDARD = gnu11;
				GCC_NO_COMMON_BLOCKS = YES;
				GCC_WARN_64_TO_32_BIT_CONVERSION = YES;
				GCC_WARN_ABOUT_RETURN_TYPE = YES_ERROR;
				GCC_WARN_UNDECLARED_SELECTOR = YES;
				GCC_WARN_UNINITIALIZED_AUTOS = YES_AGGRESSIVE;
				GCC_WARN_UNUSED_FUNCTION = YES;
				GCC_WARN_UNUSED_VARIABLE = YES;
				IPHONEOS_DEPLOYMENT_TARGET = 10.0;
				MTL_ENABLE_DEBUG_INFO = NO;
				MTL_FAST_MATH = YES;
				SDKROOT = iphoneos;
				SWIFT_COMPILATION_MODE = wholemodule;
				SWIFT_OPTIMIZATION_LEVEL = "-O";
				VALIDATE_PRODUCT = YES;
			};
			name = Release;
		};
		4FC5135B22B13440000FD572 /* Debug */ = {
			isa = XCBuildConfiguration;
			baseConfigurationReference = 7C2E5CDCBC54888F269C293E /* Pods-BoursobookTests.debug.xcconfig */;
			buildSettings = {
				ALWAYS_EMBED_SWIFT_STANDARD_LIBRARIES = YES;
				BUNDLE_LOADER = "$(TEST_HOST)";
				CODE_SIGN_STYLE = Automatic;
				DEVELOPMENT_TEAM = A5M6QHPHN6;
				FRAMEWORK_SEARCH_PATHS = "$(inherited)";
				HEADER_SEARCH_PATHS = "$(inherited)";
				INFOPLIST_FILE = BoursobookTests/Info.plist;
				LD_RUNPATH_SEARCH_PATHS = (
					"$(inherited)",
					"@executable_path/Frameworks",
					"@loader_path/Frameworks",
				);
				OTHER_SWIFT_FLAGS = "-DTEST_VERSION";
				PRODUCT_BUNDLE_IDENTIFIER = fr.daviddubez.BoursobookTests;
				PRODUCT_NAME = "$(TARGET_NAME)";
				SWIFT_VERSION = 5.0;
				TARGETED_DEVICE_FAMILY = "1,2";
				TEST_HOST = "$(BUILT_PRODUCTS_DIR)/Boursobook.app/Boursobook";
			};
			name = Debug;
		};
		4FC5135C22B13440000FD572 /* Release */ = {
			isa = XCBuildConfiguration;
			baseConfigurationReference = D8D612D99BDB43B0E8C94AA9 /* Pods-BoursobookTests.release.xcconfig */;
			buildSettings = {
				ALWAYS_EMBED_SWIFT_STANDARD_LIBRARIES = YES;
				BUNDLE_LOADER = "$(TEST_HOST)";
				CODE_SIGN_STYLE = Automatic;
				DEVELOPMENT_TEAM = A5M6QHPHN6;
				FRAMEWORK_SEARCH_PATHS = "$(inherited)";
				HEADER_SEARCH_PATHS = "$(inherited)";
				INFOPLIST_FILE = BoursobookTests/Info.plist;
				LD_RUNPATH_SEARCH_PATHS = (
					"$(inherited)",
					"@executable_path/Frameworks",
					"@loader_path/Frameworks",
				);
				OTHER_SWIFT_FLAGS = "-DTEST_VERSION";
				PRODUCT_BUNDLE_IDENTIFIER = fr.daviddubez.BoursobookTests;
				PRODUCT_NAME = "$(TARGET_NAME)";
				SWIFT_VERSION = 5.0;
				TARGETED_DEVICE_FAMILY = "1,2";
				TEST_HOST = "$(BUILT_PRODUCTS_DIR)/Boursobook.app/Boursobook";
			};
			name = Release;
		};
/* End XCBuildConfiguration section */

/* Begin XCConfigurationList section */
		4F6B772923100CB10028EA97 /* Build configuration list for PBXNativeTarget "Boursobook" */ = {
			isa = XCConfigurationList;
			buildConfigurations = (
				4F6B772A23100CB10028EA97 /* Debug */,
				4F6B772B23100CB10028EA97 /* Release */,
			);
			defaultConfigurationIsVisible = 0;
			defaultConfigurationName = Release;
		};
		4FC5133222B13440000FD572 /* Build configuration list for PBXProject "Boursobook" */ = {
			isa = XCConfigurationList;
			buildConfigurations = (
				4FC5135522B13440000FD572 /* Debug */,
				4FC5135622B13440000FD572 /* Release */,
			);
			defaultConfigurationIsVisible = 0;
			defaultConfigurationName = Release;
		};
		4FC5135A22B13440000FD572 /* Build configuration list for PBXNativeTarget "BoursobookTests" */ = {
			isa = XCConfigurationList;
			buildConfigurations = (
				4FC5135B22B13440000FD572 /* Debug */,
				4FC5135C22B13440000FD572 /* Release */,
			);
			defaultConfigurationIsVisible = 0;
			defaultConfigurationName = Release;
		};
/* End XCConfigurationList section */
	};
	rootObject = 4FC5132F22B13440000FD572 /* Project object */;
}
